
Microsoft Visual Studio Solution File, Format Version 12.00
# Visual Studio 15
VisualStudioVersion = 15.0.28307.168
MinimumVisualStudioVersion = 10.0.40219.1
Project("{FAE04EC0-301F-11D3-BF4B-00C04F79EFBC}") = "cSharp", "cSharp\cSharp.csproj", "{A89502DA-DFAF-4153-B0BB-B718E3972B95}"
EndProject
Project("{9A19103F-16F7-4668-BE54-9A1E7A4F7556}") = "TiposPrimitivos", "TiposPrimitivos\TiposPrimitivos.csproj", "{EC7E2ADF-FACD-41C6-A2C6-38FF9E102710}"
EndProject
Project("{9A19103F-16F7-4668-BE54-9A1E7A4F7556}") = "Parte1_Exercicio1", "Exercicio1\Parte1_Exercicio1.csproj", "{50709D39-9272-4BA9-89C4-54382F08E404}"
EndProject
Project("{9A19103F-16F7-4668-BE54-9A1E7A4F7556}") = "OperadoresAritimeticos", "OperadoresAritimeticos\OperadoresAritimeticos.csproj", "{A460B28F-C0C6-45ED-AC59-443529D478D6}"
EndProject
Project("{9A19103F-16F7-4668-BE54-9A1E7A4F7556}") = "Exercicio_Bhaskara", "Exercicio_Bhaskara\Exercicio_Bhaskara.csproj", "{9CB23332-6069-447C-B09F-99D9081EAABE}"
EndProject
Project("{9A19103F-16F7-4668-BE54-9A1E7A4F7556}") = "Conversao_Casting", "Conversao_Casting\Conversao_Casting.csproj", "{BC68BCC3-91B3-434C-A1F2-5E6B1434A3C2}"
EndProject
Project("{9A19103F-16F7-4668-BE54-9A1E7A4F7556}") = "Condicionais", "Condicionais\Condicionais.csproj", "{4305391B-E5C1-4126-A5DC-4F33AB370CEC}"
EndProject
Project("{2150E333-8FDC-42A3-9474-1A3956D46DE8}") = "Prova_Condicionais", "Prova_Condicionais", "{1C2D06BE-C2CE-436A-AEE9-958A913799CC}"
EndProject
Project("{9A19103F-16F7-4668-BE54-9A1E7A4F7556}") = "Verifica_Sinal", "Verifica_Sinal\Verifica_Sinal.csproj", "{AC62601B-FA2D-4F49-9921-B31578906043}"
EndProject
Project("{9A19103F-16F7-4668-BE54-9A1E7A4F7556}") = "Verifica_Imp_Par", "Verifica_Imp_Par\Verifica_Imp_Par.csproj", "{0B76617A-69BD-4472-B585-23F11906CBD6}"
EndProject
Project("{9A19103F-16F7-4668-BE54-9A1E7A4F7556}") = "Verifica_Multiplos", "Verifica_Multiplos\Verifica_Multiplos.csproj", "{4FE29F46-7262-430F-A763-C2E0855BAAE7}"
EndProject
Project("{9A19103F-16F7-4668-BE54-9A1E7A4F7556}") = "Hora_Jogo", "Hora_Jogo\Hora_Jogo.csproj", "{EC109E2D-DF0D-4D7A-9AD3-172604EA929D}"
EndProject
Project("{9A19103F-16F7-4668-BE54-9A1E7A4F7556}") = "Lanchonete", "Lanchonete\Lanchonete.csproj", "{7EBB8DC7-0690-40E3-95E5-79AD6C57C734}"
EndProject
Project("{9A19103F-16F7-4668-BE54-9A1E7A4F7556}") = "Intervalo_Entre", "Intervalo_Entre\Intervalo_Entre.csproj", "{4F04AFC3-A658-4085-BCEE-0B98FEFF0008}"
EndProject
Project("{9A19103F-16F7-4668-BE54-9A1E7A4F7556}") = "Pontos_No_Plano", "Pontos_No_Plano\Pontos_No_Plano.csproj", "{275D5728-0F19-45E7-BB0A-3A2F91EBBA62}"
EndProject
Project("{9A19103F-16F7-4668-BE54-9A1E7A4F7556}") = "Imposto", "Imposto\Imposto.csproj", "{4F9D00C3-BC38-4A5E-924F-4A5125F00D4E}"
EndProject
Project("{2150E333-8FDC-42A3-9474-1A3956D46DE8}") = "Prova_Laco_For", "Prova_Laco_For", "{4E141669-EAFC-4FB0-B9B6-A27965CA6926}"
EndProject
Project("{2150E333-8FDC-42A3-9474-1A3956D46DE8}") = "Prova_Laco_While", "Prova_Laco_While", "{E824C648-5A35-4919-80F1-A905FF3FCA02}"
EndProject
Project("{2150E333-8FDC-42A3-9474-1A3956D46DE8}") = "Exercicios_Funçoes", "Exercicios_Funçoes", "{4551D126-6326-4319-80C6-DF1279D40376}"
EndProject
Project("{9A19103F-16F7-4668-BE54-9A1E7A4F7556}") = "Funçoes_Exemplo", "Funçoes_Exemplo\Funçoes_Exemplo.csproj", "{5A3DED8B-9164-4CB0-A71F-36087D537ADC}"
EndProject
Project("{9A19103F-16F7-4668-BE54-9A1E7A4F7556}") = "Exemplo_While", "Exemplo_While\Exemplo_While.csproj", "{BA445FF6-D69B-407C-8BFE-68925D2666F6}"
EndProject
Project("{9A19103F-16F7-4668-BE54-9A1E7A4F7556}") = "Validaçao_Senha", "Validaçao_Senha\Validaçao_Senha.csproj", "{44DDE6EB-8F05-462A-BE9E-705BF5EE158E}"
EndProject
Project("{9A19103F-16F7-4668-BE54-9A1E7A4F7556}") = "Quadrante_Verificaçao", "Quadrante_Verificaçao\Quadrante_Verificaçao.csproj", "{23DE8640-670D-4996-A933-4CD9B9461A14}"
EndProject
Project("{9A19103F-16F7-4668-BE54-9A1E7A4F7556}") = "Gasolina_Verificaçao", "Gasolina_Verificaçao\Gasolina_Verificaçao.csproj", "{A4F8E3CB-AFE6-4592-945C-DE59F0FE5597}"
EndProject
Project("{9A19103F-16F7-4668-BE54-9A1E7A4F7556}") = "Quantidade_de_Impares", "Quantidade_de_Impares\Quantidade_de_Impares.csproj", "{42A418FD-4990-4548-8C70-42A5355B580B}"
EndProject
Project("{9A19103F-16F7-4668-BE54-9A1E7A4F7556}") = "Intervalo_Verificaçao", "Intervalo_Verificaçao\Intervalo_Verificaçao.csproj", "{DF390D80-412B-46E8-B2A2-690FCF2D0B2E}"
EndProject
Project("{9A19103F-16F7-4668-BE54-9A1E7A4F7556}") = "Fatorial_Verificaçao", "Fatorial_Verificaçao\Fatorial_Verificaçao.csproj", "{AD92DF78-5C83-45D2-BEB4-B06328376681}"
EndProject
Project("{9A19103F-16F7-4668-BE54-9A1E7A4F7556}") = "Fatorial_Alternativo", "Fatorial_Alternativo\Fatorial_Alternativo.csproj", "{BB55F5DE-1E06-4870-965B-87390A154443}"
EndProject
Project("{9A19103F-16F7-4668-BE54-9A1E7A4F7556}") = "Divisiveis_Verificaçao", "Divisiveis_Verificaçao\Divisiveis_Verificaçao.csproj", "{06EB586E-10F9-4409-8493-8CA6C3871659}"
EndProject
Project("{FAE04EC0-301F-11D3-BF4B-00C04F79EFBC}") = "Quadrado_ao_Cubo", "Quadrado_ao_Cubo\Quadrado_ao_Cubo.csproj", "{BD248121-1EA5-4F65-94D5-9B620BA08296}"
EndProject
Project("{2150E333-8FDC-42A3-9474-1A3956D46DE8}") = "Prova_Vetores", "Prova_Vetores", "{1E98F570-408D-4EC7-8066-FBAD1582A44C}"
EndProject
Project("{2150E333-8FDC-42A3-9474-1A3956D46DE8}") = "Prova_Matrizes", "Prova_Matrizes", "{52C037CC-94A2-4658-B7EE-696E532CD4FE}"
EndProject
Project("{FAE04EC0-301F-11D3-BF4B-00C04F79EFBC}") = "Hora_Jogo_Funçao", "Hora_Jogo_Funçao\Hora_Jogo_Funçao.csproj", "{11F61414-0475-4678-80DC-BA7F3764716B}"
EndProject
Project("{FAE04EC0-301F-11D3-BF4B-00C04F79EFBC}") = "Imposto_Funçoes", "Imposto_Funçoes\Imposto_Funçoes.csproj", "{80C3F026-8929-4E64-9B08-217DC34D0154}"
EndProject
Project("{FAE04EC0-301F-11D3-BF4B-00C04F79EFBC}") = "Intervalo_Entre_Funçoes", "Intervalo_Entre_Funçoes\Intervalo_Entre_Funçoes.csproj", "{B253C457-C724-42B5-9AA8-B2A2191E96C0}"
EndProject
Project("{FAE04EC0-301F-11D3-BF4B-00C04F79EFBC}") = "Lanchonete_Funçoes", "Lanchonete_Funçoes\Lanchonete_Funçoes.csproj", "{4421375A-3064-48C3-9DEA-0CFE42B70AAD}"
EndProject
Project("{FAE04EC0-301F-11D3-BF4B-00C04F79EFBC}") = "Pontos_Plano_Funçoes", "Pontos_Plano_Funçoes\Pontos_Plano_Funçoes.csproj", "{776495CE-2C97-49CE-B75C-B752727DEECD}"
EndProject
Project("{2150E333-8FDC-42A3-9474-1A3956D46DE8}") = "Prova_Sequencial", "Prova_Sequencial", "{8EB46F47-D9C9-4CFA-AB5F-AAF013EF09FB}"
EndProject
Global
	GlobalSection(SolutionConfigurationPlatforms) = preSolution
		Debug|Any CPU = Debug|Any CPU
		Release|Any CPU = Release|Any CPU
	EndGlobalSection
	GlobalSection(ProjectConfigurationPlatforms) = postSolution
		{A89502DA-DFAF-4153-B0BB-B718E3972B95}.Debug|Any CPU.ActiveCfg = Debug|Any CPU
		{A89502DA-DFAF-4153-B0BB-B718E3972B95}.Debug|Any CPU.Build.0 = Debug|Any CPU
		{A89502DA-DFAF-4153-B0BB-B718E3972B95}.Release|Any CPU.ActiveCfg = Release|Any CPU
		{A89502DA-DFAF-4153-B0BB-B718E3972B95}.Release|Any CPU.Build.0 = Release|Any CPU
		{EC7E2ADF-FACD-41C6-A2C6-38FF9E102710}.Debug|Any CPU.ActiveCfg = Debug|Any CPU
		{EC7E2ADF-FACD-41C6-A2C6-38FF9E102710}.Debug|Any CPU.Build.0 = Debug|Any CPU
		{EC7E2ADF-FACD-41C6-A2C6-38FF9E102710}.Release|Any CPU.ActiveCfg = Release|Any CPU
		{EC7E2ADF-FACD-41C6-A2C6-38FF9E102710}.Release|Any CPU.Build.0 = Release|Any CPU
		{50709D39-9272-4BA9-89C4-54382F08E404}.Debug|Any CPU.ActiveCfg = Debug|Any CPU
		{50709D39-9272-4BA9-89C4-54382F08E404}.Debug|Any CPU.Build.0 = Debug|Any CPU
		{50709D39-9272-4BA9-89C4-54382F08E404}.Release|Any CPU.ActiveCfg = Release|Any CPU
		{50709D39-9272-4BA9-89C4-54382F08E404}.Release|Any CPU.Build.0 = Release|Any CPU
		{A460B28F-C0C6-45ED-AC59-443529D478D6}.Debug|Any CPU.ActiveCfg = Debug|Any CPU
		{A460B28F-C0C6-45ED-AC59-443529D478D6}.Debug|Any CPU.Build.0 = Debug|Any CPU
		{A460B28F-C0C6-45ED-AC59-443529D478D6}.Release|Any CPU.ActiveCfg = Release|Any CPU
		{A460B28F-C0C6-45ED-AC59-443529D478D6}.Release|Any CPU.Build.0 = Release|Any CPU
		{9CB23332-6069-447C-B09F-99D9081EAABE}.Debug|Any CPU.ActiveCfg = Debug|Any CPU
		{9CB23332-6069-447C-B09F-99D9081EAABE}.Debug|Any CPU.Build.0 = Debug|Any CPU
		{9CB23332-6069-447C-B09F-99D9081EAABE}.Release|Any CPU.ActiveCfg = Release|Any CPU
		{9CB23332-6069-447C-B09F-99D9081EAABE}.Release|Any CPU.Build.0 = Release|Any CPU
		{BC68BCC3-91B3-434C-A1F2-5E6B1434A3C2}.Debug|Any CPU.ActiveCfg = Debug|Any CPU
		{BC68BCC3-91B3-434C-A1F2-5E6B1434A3C2}.Debug|Any CPU.Build.0 = Debug|Any CPU
		{BC68BCC3-91B3-434C-A1F2-5E6B1434A3C2}.Release|Any CPU.ActiveCfg = Release|Any CPU
		{BC68BCC3-91B3-434C-A1F2-5E6B1434A3C2}.Release|Any CPU.Build.0 = Release|Any CPU
		{4305391B-E5C1-4126-A5DC-4F33AB370CEC}.Debug|Any CPU.ActiveCfg = Debug|Any CPU
		{4305391B-E5C1-4126-A5DC-4F33AB370CEC}.Debug|Any CPU.Build.0 = Debug|Any CPU
		{4305391B-E5C1-4126-A5DC-4F33AB370CEC}.Release|Any CPU.ActiveCfg = Release|Any CPU
		{4305391B-E5C1-4126-A5DC-4F33AB370CEC}.Release|Any CPU.Build.0 = Release|Any CPU
		{AC62601B-FA2D-4F49-9921-B31578906043}.Debug|Any CPU.ActiveCfg = Debug|Any CPU
		{AC62601B-FA2D-4F49-9921-B31578906043}.Debug|Any CPU.Build.0 = Debug|Any CPU
		{AC62601B-FA2D-4F49-9921-B31578906043}.Release|Any CPU.ActiveCfg = Release|Any CPU
		{AC62601B-FA2D-4F49-9921-B31578906043}.Release|Any CPU.Build.0 = Release|Any CPU
		{0B76617A-69BD-4472-B585-23F11906CBD6}.Debug|Any CPU.ActiveCfg = Debug|Any CPU
		{0B76617A-69BD-4472-B585-23F11906CBD6}.Debug|Any CPU.Build.0 = Debug|Any CPU
		{0B76617A-69BD-4472-B585-23F11906CBD6}.Release|Any CPU.ActiveCfg = Release|Any CPU
		{0B76617A-69BD-4472-B585-23F11906CBD6}.Release|Any CPU.Build.0 = Release|Any CPU
		{4FE29F46-7262-430F-A763-C2E0855BAAE7}.Debug|Any CPU.ActiveCfg = Debug|Any CPU
		{4FE29F46-7262-430F-A763-C2E0855BAAE7}.Debug|Any CPU.Build.0 = Debug|Any CPU
		{4FE29F46-7262-430F-A763-C2E0855BAAE7}.Release|Any CPU.ActiveCfg = Release|Any CPU
		{4FE29F46-7262-430F-A763-C2E0855BAAE7}.Release|Any CPU.Build.0 = Release|Any CPU
		{EC109E2D-DF0D-4D7A-9AD3-172604EA929D}.Debug|Any CPU.ActiveCfg = Debug|Any CPU
		{EC109E2D-DF0D-4D7A-9AD3-172604EA929D}.Debug|Any CPU.Build.0 = Debug|Any CPU
		{EC109E2D-DF0D-4D7A-9AD3-172604EA929D}.Release|Any CPU.ActiveCfg = Release|Any CPU
		{EC109E2D-DF0D-4D7A-9AD3-172604EA929D}.Release|Any CPU.Build.0 = Release|Any CPU
		{7EBB8DC7-0690-40E3-95E5-79AD6C57C734}.Debug|Any CPU.ActiveCfg = Debug|Any CPU
		{7EBB8DC7-0690-40E3-95E5-79AD6C57C734}.Debug|Any CPU.Build.0 = Debug|Any CPU
		{7EBB8DC7-0690-40E3-95E5-79AD6C57C734}.Release|Any CPU.ActiveCfg = Release|Any CPU
		{7EBB8DC7-0690-40E3-95E5-79AD6C57C734}.Release|Any CPU.Build.0 = Release|Any CPU
		{4F04AFC3-A658-4085-BCEE-0B98FEFF0008}.Debug|Any CPU.ActiveCfg = Debug|Any CPU
		{4F04AFC3-A658-4085-BCEE-0B98FEFF0008}.Debug|Any CPU.Build.0 = Debug|Any CPU
		{4F04AFC3-A658-4085-BCEE-0B98FEFF0008}.Release|Any CPU.ActiveCfg = Release|Any CPU
		{4F04AFC3-A658-4085-BCEE-0B98FEFF0008}.Release|Any CPU.Build.0 = Release|Any CPU
		{275D5728-0F19-45E7-BB0A-3A2F91EBBA62}.Debug|Any CPU.ActiveCfg = Debug|Any CPU
		{275D5728-0F19-45E7-BB0A-3A2F91EBBA62}.Debug|Any CPU.Build.0 = Debug|Any CPU
		{275D5728-0F19-45E7-BB0A-3A2F91EBBA62}.Release|Any CPU.ActiveCfg = Release|Any CPU
		{275D5728-0F19-45E7-BB0A-3A2F91EBBA62}.Release|Any CPU.Build.0 = Release|Any CPU
		{4F9D00C3-BC38-4A5E-924F-4A5125F00D4E}.Debug|Any CPU.ActiveCfg = Debug|Any CPU
		{4F9D00C3-BC38-4A5E-924F-4A5125F00D4E}.Debug|Any CPU.Build.0 = Debug|Any CPU
		{4F9D00C3-BC38-4A5E-924F-4A5125F00D4E}.Release|Any CPU.ActiveCfg = Release|Any CPU
		{4F9D00C3-BC38-4A5E-924F-4A5125F00D4E}.Release|Any CPU.Build.0 = Release|Any CPU
		{5A3DED8B-9164-4CB0-A71F-36087D537ADC}.Debug|Any CPU.ActiveCfg = Debug|Any CPU
		{5A3DED8B-9164-4CB0-A71F-36087D537ADC}.Debug|Any CPU.Build.0 = Debug|Any CPU
		{5A3DED8B-9164-4CB0-A71F-36087D537ADC}.Release|Any CPU.ActiveCfg = Release|Any CPU
		{5A3DED8B-9164-4CB0-A71F-36087D537ADC}.Release|Any CPU.Build.0 = Release|Any CPU
		{BA445FF6-D69B-407C-8BFE-68925D2666F6}.Debug|Any CPU.ActiveCfg = Debug|Any CPU
		{BA445FF6-D69B-407C-8BFE-68925D2666F6}.Debug|Any CPU.Build.0 = Debug|Any CPU
		{BA445FF6-D69B-407C-8BFE-68925D2666F6}.Release|Any CPU.ActiveCfg = Release|Any CPU
		{BA445FF6-D69B-407C-8BFE-68925D2666F6}.Release|Any CPU.Build.0 = Release|Any CPU
		{44DDE6EB-8F05-462A-BE9E-705BF5EE158E}.Debug|Any CPU.ActiveCfg = Debug|Any CPU
		{44DDE6EB-8F05-462A-BE9E-705BF5EE158E}.Debug|Any CPU.Build.0 = Debug|Any CPU
		{44DDE6EB-8F05-462A-BE9E-705BF5EE158E}.Release|Any CPU.ActiveCfg = Release|Any CPU
		{44DDE6EB-8F05-462A-BE9E-705BF5EE158E}.Release|Any CPU.Build.0 = Release|Any CPU
		{23DE8640-670D-4996-A933-4CD9B9461A14}.Debug|Any CPU.ActiveCfg = Debug|Any CPU
		{23DE8640-670D-4996-A933-4CD9B9461A14}.Debug|Any CPU.Build.0 = Debug|Any CPU
		{23DE8640-670D-4996-A933-4CD9B9461A14}.Release|Any CPU.ActiveCfg = Release|Any CPU
		{23DE8640-670D-4996-A933-4CD9B9461A14}.Release|Any CPU.Build.0 = Release|Any CPU
		{A4F8E3CB-AFE6-4592-945C-DE59F0FE5597}.Debug|Any CPU.ActiveCfg = Debug|Any CPU
		{A4F8E3CB-AFE6-4592-945C-DE59F0FE5597}.Debug|Any CPU.Build.0 = Debug|Any CPU
		{A4F8E3CB-AFE6-4592-945C-DE59F0FE5597}.Release|Any CPU.ActiveCfg = Release|Any CPU
		{A4F8E3CB-AFE6-4592-945C-DE59F0FE5597}.Release|Any CPU.Build.0 = Release|Any CPU
		{42A418FD-4990-4548-8C70-42A5355B580B}.Debug|Any CPU.ActiveCfg = Debug|Any CPU
		{42A418FD-4990-4548-8C70-42A5355B580B}.Debug|Any CPU.Build.0 = Debug|Any CPU
		{42A418FD-4990-4548-8C70-42A5355B580B}.Release|Any CPU.ActiveCfg = Release|Any CPU
		{42A418FD-4990-4548-8C70-42A5355B580B}.Release|Any CPU.Build.0 = Release|Any CPU
		{DF390D80-412B-46E8-B2A2-690FCF2D0B2E}.Debug|Any CPU.ActiveCfg = Debug|Any CPU
		{DF390D80-412B-46E8-B2A2-690FCF2D0B2E}.Debug|Any CPU.Build.0 = Debug|Any CPU
		{DF390D80-412B-46E8-B2A2-690FCF2D0B2E}.Release|Any CPU.ActiveCfg = Release|Any CPU
		{DF390D80-412B-46E8-B2A2-690FCF2D0B2E}.Release|Any CPU.Build.0 = Release|Any CPU
		{AD92DF78-5C83-45D2-BEB4-B06328376681}.Debug|Any CPU.ActiveCfg = Debug|Any CPU
		{AD92DF78-5C83-45D2-BEB4-B06328376681}.Debug|Any CPU.Build.0 = Debug|Any CPU
		{AD92DF78-5C83-45D2-BEB4-B06328376681}.Release|Any CPU.ActiveCfg = Release|Any CPU
		{AD92DF78-5C83-45D2-BEB4-B06328376681}.Release|Any CPU.Build.0 = Release|Any CPU
		{BB55F5DE-1E06-4870-965B-87390A154443}.Debug|Any CPU.ActiveCfg = Debug|Any CPU
		{BB55F5DE-1E06-4870-965B-87390A154443}.Debug|Any CPU.Build.0 = Debug|Any CPU
		{BB55F5DE-1E06-4870-965B-87390A154443}.Release|Any CPU.ActiveCfg = Release|Any CPU
		{BB55F5DE-1E06-4870-965B-87390A154443}.Release|Any CPU.Build.0 = Release|Any CPU
		{06EB586E-10F9-4409-8493-8CA6C3871659}.Debug|Any CPU.ActiveCfg = Debug|Any CPU
		{06EB586E-10F9-4409-8493-8CA6C3871659}.Debug|Any CPU.Build.0 = Debug|Any CPU
		{06EB586E-10F9-4409-8493-8CA6C3871659}.Release|Any CPU.ActiveCfg = Release|Any CPU
		{06EB586E-10F9-4409-8493-8CA6C3871659}.Release|Any CPU.Build.0 = Release|Any CPU
		{BD248121-1EA5-4F65-94D5-9B620BA08296}.Debug|Any CPU.ActiveCfg = Debug|Any CPU
		{BD248121-1EA5-4F65-94D5-9B620BA08296}.Debug|Any CPU.Build.0 = Debug|Any CPU
		{BD248121-1EA5-4F65-94D5-9B620BA08296}.Release|Any CPU.ActiveCfg = Release|Any CPU
		{BD248121-1EA5-4F65-94D5-9B620BA08296}.Release|Any CPU.Build.0 = Release|Any CPU
		{11F61414-0475-4678-80DC-BA7F3764716B}.Debug|Any CPU.ActiveCfg = Debug|Any CPU
		{11F61414-0475-4678-80DC-BA7F3764716B}.Debug|Any CPU.Build.0 = Debug|Any CPU
		{11F61414-0475-4678-80DC-BA7F3764716B}.Release|Any CPU.ActiveCfg = Release|Any CPU
		{11F61414-0475-4678-80DC-BA7F3764716B}.Release|Any CPU.Build.0 = Release|Any CPU
		{80C3F026-8929-4E64-9B08-217DC34D0154}.Debug|Any CPU.ActiveCfg = Debug|Any CPU
		{80C3F026-8929-4E64-9B08-217DC34D0154}.Debug|Any CPU.Build.0 = Debug|Any CPU
		{80C3F026-8929-4E64-9B08-217DC34D0154}.Release|Any CPU.ActiveCfg = Release|Any CPU
		{80C3F026-8929-4E64-9B08-217DC34D0154}.Release|Any CPU.Build.0 = Release|Any CPU
		{B253C457-C724-42B5-9AA8-B2A2191E96C0}.Debug|Any CPU.ActiveCfg = Debug|Any CPU
		{B253C457-C724-42B5-9AA8-B2A2191E96C0}.Debug|Any CPU.Build.0 = Debug|Any CPU
		{B253C457-C724-42B5-9AA8-B2A2191E96C0}.Release|Any CPU.ActiveCfg = Release|Any CPU
		{B253C457-C724-42B5-9AA8-B2A2191E96C0}.Release|Any CPU.Build.0 = Release|Any CPU
		{4421375A-3064-48C3-9DEA-0CFE42B70AAD}.Debug|Any CPU.ActiveCfg = Debug|Any CPU
		{4421375A-3064-48C3-9DEA-0CFE42B70AAD}.Debug|Any CPU.Build.0 = Debug|Any CPU
		{4421375A-3064-48C3-9DEA-0CFE42B70AAD}.Release|Any CPU.ActiveCfg = Release|Any CPU
		{4421375A-3064-48C3-9DEA-0CFE42B70AAD}.Release|Any CPU.Build.0 = Release|Any CPU
		{776495CE-2C97-49CE-B75C-B752727DEECD}.Debug|Any CPU.ActiveCfg = Debug|Any CPU
		{776495CE-2C97-49CE-B75C-B752727DEECD}.Debug|Any CPU.Build.0 = Debug|Any CPU
		{776495CE-2C97-49CE-B75C-B752727DEECD}.Release|Any CPU.ActiveCfg = Release|Any CPU
		{776495CE-2C97-49CE-B75C-B752727DEECD}.Release|Any CPU.Build.0 = Release|Any CPU
	EndGlobalSection
	GlobalSection(SolutionProperties) = preSolution
		HideSolutionNode = FALSE
	EndGlobalSection
	GlobalSection(NestedProjects) = preSolution
		{A89502DA-DFAF-4153-B0BB-B718E3972B95} = {8EB46F47-D9C9-4CFA-AB5F-AAF013EF09FB}
		{EC7E2ADF-FACD-41C6-A2C6-38FF9E102710} = {1C2D06BE-C2CE-436A-AEE9-958A913799CC}
		{50709D39-9272-4BA9-89C4-54382F08E404} = {8EB46F47-D9C9-4CFA-AB5F-AAF013EF09FB}
		{A460B28F-C0C6-45ED-AC59-443529D478D6} = {8EB46F47-D9C9-4CFA-AB5F-AAF013EF09FB}
		{9CB23332-6069-447C-B09F-99D9081EAABE} = {8EB46F47-D9C9-4CFA-AB5F-AAF013EF09FB}
		{BC68BCC3-91B3-434C-A1F2-5E6B1434A3C2} = {8EB46F47-D9C9-4CFA-AB5F-AAF013EF09FB}
		{4305391B-E5C1-4126-A5DC-4F33AB370CEC} = {1C2D06BE-C2CE-436A-AEE9-958A913799CC}
		{AC62601B-FA2D-4F49-9921-B31578906043} = {1C2D06BE-C2CE-436A-AEE9-958A913799CC}
		{0B76617A-69BD-4472-B585-23F11906CBD6} = {1C2D06BE-C2CE-436A-AEE9-958A913799CC}
		{4FE29F46-7262-430F-A763-C2E0855BAAE7} = {1C2D06BE-C2CE-436A-AEE9-958A913799CC}
		{EC109E2D-DF0D-4D7A-9AD3-172604EA929D} = {1C2D06BE-C2CE-436A-AEE9-958A913799CC}
		{7EBB8DC7-0690-40E3-95E5-79AD6C57C734} = {1C2D06BE-C2CE-436A-AEE9-958A913799CC}
		{4F04AFC3-A658-4085-BCEE-0B98FEFF0008} = {1C2D06BE-C2CE-436A-AEE9-958A913799CC}
		{275D5728-0F19-45E7-BB0A-3A2F91EBBA62} = {1C2D06BE-C2CE-436A-AEE9-958A913799CC}
		{4F9D00C3-BC38-4A5E-924F-4A5125F00D4E} = {1C2D06BE-C2CE-436A-AEE9-958A913799CC}
		{5A3DED8B-9164-4CB0-A71F-36087D537ADC} = {4551D126-6326-4319-80C6-DF1279D40376}
		{BA445FF6-D69B-407C-8BFE-68925D2666F6} = {E824C648-5A35-4919-80F1-A905FF3FCA02}
		{44DDE6EB-8F05-462A-BE9E-705BF5EE158E} = {E824C648-5A35-4919-80F1-A905FF3FCA02}
		{23DE8640-670D-4996-A933-4CD9B9461A14} = {E824C648-5A35-4919-80F1-A905FF3FCA02}
		{A4F8E3CB-AFE6-4592-945C-DE59F0FE5597} = {E824C648-5A35-4919-80F1-A905FF3FCA02}
		{42A418FD-4990-4548-8C70-42A5355B580B} = {4E141669-EAFC-4FB0-B9B6-A27965CA6926}
		{DF390D80-412B-46E8-B2A2-690FCF2D0B2E} = {4E141669-EAFC-4FB0-B9B6-A27965CA6926}
		{AD92DF78-5C83-45D2-BEB4-B06328376681} = {4E141669-EAFC-4FB0-B9B6-A27965CA6926}
		{BB55F5DE-1E06-4870-965B-87390A154443} = {4E141669-EAFC-4FB0-B9B6-A27965CA6926}
		{06EB586E-10F9-4409-8493-8CA6C3871659} = {4E141669-EAFC-4FB0-B9B6-A27965CA6926}
		{BD248121-1EA5-4F65-94D5-9B620BA08296} = {4E141669-EAFC-4FB0-B9B6-A27965CA6926}
		{11F61414-0475-4678-80DC-BA7F3764716B} = {4551D126-6326-4319-80C6-DF1279D40376}
		{80C3F026-8929-4E64-9B08-217DC34D0154} = {4551D126-6326-4319-80C6-DF1279D40376}
		{B253C457-C724-42B5-9AA8-B2A2191E96C0} = {4551D126-6326-4319-80C6-DF1279D40376}
		{4421375A-3064-48C3-9DEA-0CFE42B70AAD} = {4551D126-6326-4319-80C6-DF1279D40376}
		{776495CE-2C97-49CE-B75C-B752727DEECD} = {4551D126-6326-4319-80C6-DF1279D40376}
	EndGlobalSection
	GlobalSection(ExtensibilityGlobals) = postSolution
		SolutionGuid = {F4A9839C-A6CF-45F5-8D57-77FAF1A54880}
	EndGlobalSection
EndGlobal
