
Microsoft Visual Studio Solution File, Format Version 12.00
# Visual Studio 15
VisualStudioVersion = 15.0.28307.168
MinimumVisualStudioVersion = 10.0.40219.1
Project("{2150E333-8FDC-42A3-9474-1A3956D46DE8}") = "chamadaOs", "chamadaOs", "{103B4D8F-CFFC-4644-B966-D140801E9300}"
EndProject
Project("{FAE04EC0-301F-11D3-BF4B-00C04F79EFBC}") = "Call", "Call\Call.csproj", "{276EE5EC-24C6-4B27-8B94-5DCB198BD4E6}"
EndProject
Project("{FAE04EC0-301F-11D3-BF4B-00C04F79EFBC}") = "CallOs", "Herança\CallOs.csproj", "{9DE13D88-A841-4748-AFBA-EBA63CD25CEA}"
EndProject
Project("{2150E333-8FDC-42A3-9474-1A3956D46DE8}") = "Call", "Call", "{6CF9B959-47C2-4434-8A55-3937DBFB4CF4}"
EndProject
Project("{2150E333-8FDC-42A3-9474-1A3956D46DE8}") = "Heranca", "Heranca", "{2DF90D19-4370-4683-9DFF-40E39F40E678}"
EndProject
Project("{FAE04EC0-301F-11D3-BF4B-00C04F79EFBC}") = "inherinng", "inherinng\inherinng.csproj", "{801D0B66-B7CF-415B-884A-0BAFD43B5E4A}"
EndProject
Project("{2150E333-8FDC-42A3-9474-1A3956D46DE8}") = "UpcastingDowncasting", "UpcastingDowncasting", "{360982C7-1489-48D1-8F2D-CF7F5A926432}"
EndProject
Project("{2150E333-8FDC-42A3-9474-1A3956D46DE8}") = "inhering", "inhering", "{5F79FE53-4178-424F-9EF5-01A97AE75586}"
EndProject
Project("{FAE04EC0-301F-11D3-BF4B-00C04F79EFBC}") = "inheringg", "inheringg\inheringg.csproj", "{DCE5F34E-9C5E-4166-923B-84F6E34C441B}"
EndProject
Project("{2150E333-8FDC-42A3-9474-1A3956D46DE8}") = "Polimorfismo", "Polimorfismo", "{4D852031-93B2-475E-87BB-BB3412F4A568}"
EndProject
Project("{FAE04EC0-301F-11D3-BF4B-00C04F79EFBC}") = "Poli", "Poli\Poli.csproj", "{9D98BEBF-AEB9-4ED3-AEA5-1DA1D30F7785}"
EndProject
Project("{2150E333-8FDC-42A3-9474-1A3956D46DE8}") = "Shape", "Shape", "{DD413614-DC7C-4507-8087-FCE02F379505}"
EndProject
Project("{FAE04EC0-301F-11D3-BF4B-00C04F79EFBC}") = "ShapeArea", "ShapeArea\ShapeArea.csproj", "{D41469CE-5D35-4D82-B425-981D646E259B}"
EndProject
Project("{2150E333-8FDC-42A3-9474-1A3956D46DE8}") = "FisicaJuridica", "FisicaJuridica", "{575E95FF-3993-42CF-A3CA-308EAABFBCA0}"
EndProject
Project("{FAE04EC0-301F-11D3-BF4B-00C04F79EFBC}") = "Course", "Course\Course.csproj", "{B176957C-5F68-489A-9ECA-FD99776B4AE3}"
EndProject
Global
	GlobalSection(SolutionConfigurationPlatforms) = preSolution
		Debug|Any CPU = Debug|Any CPU
		Release|Any CPU = Release|Any CPU
	EndGlobalSection
	GlobalSection(ProjectConfigurationPlatforms) = postSolution
		{276EE5EC-24C6-4B27-8B94-5DCB198BD4E6}.Debug|Any CPU.ActiveCfg = Debug|Any CPU
		{276EE5EC-24C6-4B27-8B94-5DCB198BD4E6}.Debug|Any CPU.Build.0 = Debug|Any CPU
		{276EE5EC-24C6-4B27-8B94-5DCB198BD4E6}.Release|Any CPU.ActiveCfg = Release|Any CPU
		{276EE5EC-24C6-4B27-8B94-5DCB198BD4E6}.Release|Any CPU.Build.0 = Release|Any CPU
		{9DE13D88-A841-4748-AFBA-EBA63CD25CEA}.Debug|Any CPU.ActiveCfg = Debug|Any CPU
		{9DE13D88-A841-4748-AFBA-EBA63CD25CEA}.Debug|Any CPU.Build.0 = Debug|Any CPU
		{9DE13D88-A841-4748-AFBA-EBA63CD25CEA}.Release|Any CPU.ActiveCfg = Release|Any CPU
		{9DE13D88-A841-4748-AFBA-EBA63CD25CEA}.Release|Any CPU.Build.0 = Release|Any CPU
		{801D0B66-B7CF-415B-884A-0BAFD43B5E4A}.Debug|Any CPU.ActiveCfg = Debug|Any CPU
		{801D0B66-B7CF-415B-884A-0BAFD43B5E4A}.Debug|Any CPU.Build.0 = Debug|Any CPU
		{801D0B66-B7CF-415B-884A-0BAFD43B5E4A}.Release|Any CPU.ActiveCfg = Release|Any CPU
		{801D0B66-B7CF-415B-884A-0BAFD43B5E4A}.Release|Any CPU.Build.0 = Release|Any CPU
		{DCE5F34E-9C5E-4166-923B-84F6E34C441B}.Debug|Any CPU.ActiveCfg = Debug|Any CPU
		{DCE5F34E-9C5E-4166-923B-84F6E34C441B}.Debug|Any CPU.Build.0 = Debug|Any CPU
		{DCE5F34E-9C5E-4166-923B-84F6E34C441B}.Release|Any CPU.ActiveCfg = Release|Any CPU
		{DCE5F34E-9C5E-4166-923B-84F6E34C441B}.Release|Any CPU.Build.0 = Release|Any CPU
		{9D98BEBF-AEB9-4ED3-AEA5-1DA1D30F7785}.Debug|Any CPU.ActiveCfg = Debug|Any CPU
		{9D98BEBF-AEB9-4ED3-AEA5-1DA1D30F7785}.Debug|Any CPU.Build.0 = Debug|Any CPU
		{9D98BEBF-AEB9-4ED3-AEA5-1DA1D30F7785}.Release|Any CPU.ActiveCfg = Release|Any CPU
		{9D98BEBF-AEB9-4ED3-AEA5-1DA1D30F7785}.Release|Any CPU.Build.0 = Release|Any CPU
		{D41469CE-5D35-4D82-B425-981D646E259B}.Debug|Any CPU.ActiveCfg = Debug|Any CPU
		{D41469CE-5D35-4D82-B425-981D646E259B}.Debug|Any CPU.Build.0 = Debug|Any CPU
		{D41469CE-5D35-4D82-B425-981D646E259B}.Release|Any CPU.ActiveCfg = Release|Any CPU
		{D41469CE-5D35-4D82-B425-981D646E259B}.Release|Any CPU.Build.0 = Release|Any CPU
		{B176957C-5F68-489A-9ECA-FD99776B4AE3}.Debug|Any CPU.ActiveCfg = Debug|Any CPU
		{B176957C-5F68-489A-9ECA-FD99776B4AE3}.Debug|Any CPU.Build.0 = Debug|Any CPU
		{B176957C-5F68-489A-9ECA-FD99776B4AE3}.Release|Any CPU.ActiveCfg = Release|Any CPU
		{B176957C-5F68-489A-9ECA-FD99776B4AE3}.Release|Any CPU.Build.0 = Release|Any CPU
	EndGlobalSection
	GlobalSection(SolutionProperties) = preSolution
		HideSolutionNode = FALSE
	EndGlobalSection
	GlobalSection(NestedProjects) = preSolution
		{276EE5EC-24C6-4B27-8B94-5DCB198BD4E6} = {103B4D8F-CFFC-4644-B966-D140801E9300}
		{9DE13D88-A841-4748-AFBA-EBA63CD25CEA} = {6CF9B959-47C2-4434-8A55-3937DBFB4CF4}
		{801D0B66-B7CF-415B-884A-0BAFD43B5E4A} = {2DF90D19-4370-4683-9DFF-40E39F40E678}
		{DCE5F34E-9C5E-4166-923B-84F6E34C441B} = {5F79FE53-4178-424F-9EF5-01A97AE75586}
		{9D98BEBF-AEB9-4ED3-AEA5-1DA1D30F7785} = {4D852031-93B2-475E-87BB-BB3412F4A568}
		{D41469CE-5D35-4D82-B425-981D646E259B} = {DD413614-DC7C-4507-8087-FCE02F379505}
		{B176957C-5F68-489A-9ECA-FD99776B4AE3} = {575E95FF-3993-42CF-A3CA-308EAABFBCA0}
	EndGlobalSection
	GlobalSection(ExtensibilityGlobals) = postSolution
		SolutionGuid = {6EEAC331-FE5A-4021-B9E5-11439E2783C7}
	EndGlobalSection
EndGlobal
