
Microsoft Visual Studio Solution File, Format Version 12.00
# Visual Studio 15
VisualStudioVersion = 15.0.28307.168
MinimumVisualStudioVersion = 10.0.40219.1
Project("{2150E333-8FDC-42A3-9474-1A3956D46DE8}") = "chamadaOs", "chamadaOs", "{103B4D8F-CFFC-4644-B966-D140801E9300}"
EndProject
Project("{FAE04EC0-301F-11D3-BF4B-00C04F79EFBC}") = "Call", "Call\Call.csproj", "{276EE5EC-24C6-4B27-8B94-5DCB198BD4E6}"
EndProject
Project("{FAE04EC0-301F-11D3-BF4B-00C04F79EFBC}") = "CallOs", "Herança\CallOs.csproj", "{9DE13D88-A841-4748-AFBA-EBA63CD25CEA}"
EndProject
Project("{2150E333-8FDC-42A3-9474-1A3956D46DE8}") = "Call", "Call", "{6CF9B959-47C2-4434-8A55-3937DBFB4CF4}"
EndProject
Project("{2150E333-8FDC-42A3-9474-1A3956D46DE8}") = "Heranca", "Heranca", "{2DF90D19-4370-4683-9DFF-40E39F40E678}"
EndProject
Project("{FAE04EC0-301F-11D3-BF4B-00C04F79EFBC}") = "inherinng", "inherinng\inherinng.csproj", "{801D0B66-B7CF-415B-884A-0BAFD43B5E4A}"
EndProject
Project("{2150E333-8FDC-42A3-9474-1A3956D46DE8}") = "UpcastingDowncasting", "UpcastingDowncasting", "{360982C7-1489-48D1-8F2D-CF7F5A926432}"
EndProject
Project("{2150E333-8FDC-42A3-9474-1A3956D46DE8}") = "inhering", "inhering", "{5F79FE53-4178-424F-9EF5-01A97AE75586}"
EndProject
Project("{FAE04EC0-301F-11D3-BF4B-00C04F79EFBC}") = "inheringg", "inheringg\inheringg.csproj", "{DCE5F34E-9C5E-4166-923B-84F6E34C441B}"
EndProject
Project("{2150E333-8FDC-42A3-9474-1A3956D46DE8}") = "Polimorfismo", "Polimorfismo", "{4D852031-93B2-475E-87BB-BB3412F4A568}"
EndProject
Project("{FAE04EC0-301F-11D3-BF4B-00C04F79EFBC}") = "Poli", "Poli\Poli.csproj", "{9D98BEBF-AEB9-4ED3-AEA5-1DA1D30F7785}"
EndProject
Project("{2150E333-8FDC-42A3-9474-1A3956D46DE8}") = "Shape", "Shape", "{DD413614-DC7C-4507-8087-FCE02F379505}"
EndProject
Project("{FAE04EC0-301F-11D3-BF4B-00C04F79EFBC}") = "ShapeArea", "ShapeArea\ShapeArea.csproj", "{D41469CE-5D35-4D82-B425-981D646E259B}"
EndProject
Project("{2150E333-8FDC-42A3-9474-1A3956D46DE8}") = "FisicaJuridica", "FisicaJuridica", "{575E95FF-3993-42CF-A3CA-308EAABFBCA0}"
EndProject
Project("{FAE04EC0-301F-11D3-BF4B-00C04F79EFBC}") = "Course", "Course\Course.csproj", "{B176957C-5F68-489A-9ECA-FD99776B4AE3}"
EndProject
Project("{2150E333-8FDC-42A3-9474-1A3956D46DE8}") = "excecoes", "excecoes", "{952947BE-02C1-47F4-87C3-D7109E11D189}"
EndProject
Project("{FAE04EC0-301F-11D3-BF4B-00C04F79EFBC}") = "exception", "Exception\exception.csproj", "{4F86170D-B82E-48B2-8842-FC671366AB9D}"
EndProject
Project("{2150E333-8FDC-42A3-9474-1A3956D46DE8}") = "finally", "finally", "{50CA1AC4-2123-4FAC-8AD7-C230C96E306D}"
EndProject
Project("{FAE04EC0-301F-11D3-BF4B-00C04F79EFBC}") = "Fin", "Fin\Fin.csproj", "{02884445-6A30-498F-A3CA-17C95DB51BE5}"
EndProject
Project("{2150E333-8FDC-42A3-9474-1A3956D46DE8}") = "Reserva", "Reserva", "{F6A4567F-1437-48BA-8CEC-C0C77CB1609C}"
EndProject
Project("{FAE04EC0-301F-11D3-BF4B-00C04F79EFBC}") = "Hostel", "Hostel\Hostel.csproj", "{685BDA8F-054D-46F9-A65C-39ABA635A1CA}"
EndProject
Project("{2150E333-8FDC-42A3-9474-1A3956D46DE8}") = "Banck", "Banck", "{DAFF82C6-27EB-478C-A15D-70F5E3B95D54}"
EndProject
Project("{FAE04EC0-301F-11D3-BF4B-00C04F79EFBC}") = "Account", "Account\Account.csproj", "{F3EB45C7-F8EC-4321-A852-9FA92544D7B3}"
EndProject
Project("{2150E333-8FDC-42A3-9474-1A3956D46DE8}") = "Files", "Files", "{83B5FB2A-43B8-43F8-BB23-04BD2E8655F1}"
EndProject
Project("{FAE04EC0-301F-11D3-BF4B-00C04F79EFBC}") = "Fil", "File\Fil.csproj", "{2A13434E-BA12-410F-8CF8-A83ACE88B9B5}"
EndProject
Project("{FAE04EC0-301F-11D3-BF4B-00C04F79EFBC}") = "Stream", "Stream\Stream.csproj", "{A5824737-6079-4273-A0D9-76032CFCE557}"
EndProject
Project("{FAE04EC0-301F-11D3-BF4B-00C04F79EFBC}") = "Using", "Using\Using.csproj", "{0E15170F-6B06-4059-B204-6D29225488A7}"
EndProject
Project("{FAE04EC0-301F-11D3-BF4B-00C04F79EFBC}") = "streamWriter", "streamWriter\streamWriter.csproj", "{E9B726E4-23E2-499C-B7CE-830D0AAFFF92}"
EndProject
Project("{FAE04EC0-301F-11D3-BF4B-00C04F79EFBC}") = "Director", "Directory\Director.csproj", "{B8B79D82-D4C5-4B01-8CD2-6D3AE45E4BA4}"
EndProject
Project("{FAE04EC0-301F-11D3-BF4B-00C04F79EFBC}") = "Pathh", "Pathh\Pathh.csproj", "{C7677471-80B2-4FC3-BCF6-3320566DC0A5}"
EndProject
Project("{FAE04EC0-301F-11D3-BF4B-00C04F79EFBC}") = "LojaArqui", "LojaArqui\LojaArqui.csproj", "{888579DC-4878-42C4-A2FE-EC35DA338EF2}"
EndProject
Project("{2150E333-8FDC-42A3-9474-1A3956D46DE8}") = "Infacebook", "Infacebook", "{3216C761-8FB6-4541-B517-B005BE920777}"
EndProject
Project("{FAE04EC0-301F-11D3-BF4B-00C04F79EFBC}") = "Interface", "Interface\Interface.csproj", "{CAA08CC0-0DDA-44A8-890E-462628B33BAA}"
EndProject
Project("{FAE04EC0-301F-11D3-BF4B-00C04F79EFBC}") = "diamond", "diamond\diamond.csproj", "{DE8C4A16-0900-472D-BF9B-F2C76894A240}"
EndProject
Project("{FAE04EC0-301F-11D3-BF4B-00C04F79EFBC}") = "Comparabe", "Comparabe\Comparabe.csproj", "{61149788-6C97-4968-BE95-B593AF1279CA}"
EndProject
Project("{FAE04EC0-301F-11D3-BF4B-00C04F79EFBC}") = "ExtMethod", "ExtMethod\ExtMethod.csproj", "{7AEF24FC-82DA-4492-A823-D3BDF026F21A}"
EndProject
Project("{2150E333-8FDC-42A3-9474-1A3956D46DE8}") = "Expressoes", "Expressoes", "{BE54C973-BB1D-44A5-8801-B2CDAFB965DE}"
EndProject
Project("{FAE04EC0-301F-11D3-BF4B-00C04F79EFBC}") = "ComparassionT", "ComparassionT\ComparassionT.csproj", "{D4AD8091-0247-4504-82F9-3CF5467DACE8}"
EndProject
Project("{FAE04EC0-301F-11D3-BF4B-00C04F79EFBC}") = "Dlegate", "Dlegate\Dlegate.csproj", "{05DA3C64-1E74-4C20-8147-163CD23E7666}"
EndProject
Project("{FAE04EC0-301F-11D3-BF4B-00C04F79EFBC}") = "Predicatee", "Predicatee\Predicatee.csproj", "{4994E4DA-839F-4767-A44D-D06859F36AE0}"
EndProject
Project("{FAE04EC0-301F-11D3-BF4B-00C04F79EFBC}") = "Action", "Action\Action.csproj", "{FAA79E63-22DE-4F94-96FE-AFF4570D88EF}"
EndProject
Project("{FAE04EC0-301F-11D3-BF4B-00C04F79EFBC}") = "FuncSelect", "FuncSelect\FuncSelect.csproj", "{08D61327-F0AC-4440-99BF-EA7B1F882480}"
EndProject
Project("{FAE04EC0-301F-11D3-BF4B-00C04F79EFBC}") = "LINQQ", "LINQQ\LINQQ.csproj", "{E8A098FB-0AA0-4CC3-8894-E0BEF51CAB53}"
EndProject
Project("{FAE04EC0-301F-11D3-BF4B-00C04F79EFBC}") = "LINQQ1", "LINQQ1\LINQQ1.csproj", "{FD0045AC-BC2D-42EC-B4D2-0DC8D1672DA0}"
EndProject
Global
	GlobalSection(SolutionConfigurationPlatforms) = preSolution
		Debug|Any CPU = Debug|Any CPU
		Release|Any CPU = Release|Any CPU
	EndGlobalSection
	GlobalSection(ProjectConfigurationPlatforms) = postSolution
		{276EE5EC-24C6-4B27-8B94-5DCB198BD4E6}.Debug|Any CPU.ActiveCfg = Debug|Any CPU
		{276EE5EC-24C6-4B27-8B94-5DCB198BD4E6}.Debug|Any CPU.Build.0 = Debug|Any CPU
		{276EE5EC-24C6-4B27-8B94-5DCB198BD4E6}.Release|Any CPU.ActiveCfg = Release|Any CPU
		{276EE5EC-24C6-4B27-8B94-5DCB198BD4E6}.Release|Any CPU.Build.0 = Release|Any CPU
		{9DE13D88-A841-4748-AFBA-EBA63CD25CEA}.Debug|Any CPU.ActiveCfg = Debug|Any CPU
		{9DE13D88-A841-4748-AFBA-EBA63CD25CEA}.Debug|Any CPU.Build.0 = Debug|Any CPU
		{9DE13D88-A841-4748-AFBA-EBA63CD25CEA}.Release|Any CPU.ActiveCfg = Release|Any CPU
		{9DE13D88-A841-4748-AFBA-EBA63CD25CEA}.Release|Any CPU.Build.0 = Release|Any CPU
		{801D0B66-B7CF-415B-884A-0BAFD43B5E4A}.Debug|Any CPU.ActiveCfg = Debug|Any CPU
		{801D0B66-B7CF-415B-884A-0BAFD43B5E4A}.Debug|Any CPU.Build.0 = Debug|Any CPU
		{801D0B66-B7CF-415B-884A-0BAFD43B5E4A}.Release|Any CPU.ActiveCfg = Release|Any CPU
		{801D0B66-B7CF-415B-884A-0BAFD43B5E4A}.Release|Any CPU.Build.0 = Release|Any CPU
		{DCE5F34E-9C5E-4166-923B-84F6E34C441B}.Debug|Any CPU.ActiveCfg = Debug|Any CPU
		{DCE5F34E-9C5E-4166-923B-84F6E34C441B}.Debug|Any CPU.Build.0 = Debug|Any CPU
		{DCE5F34E-9C5E-4166-923B-84F6E34C441B}.Release|Any CPU.ActiveCfg = Release|Any CPU
		{DCE5F34E-9C5E-4166-923B-84F6E34C441B}.Release|Any CPU.Build.0 = Release|Any CPU
		{9D98BEBF-AEB9-4ED3-AEA5-1DA1D30F7785}.Debug|Any CPU.ActiveCfg = Debug|Any CPU
		{9D98BEBF-AEB9-4ED3-AEA5-1DA1D30F7785}.Debug|Any CPU.Build.0 = Debug|Any CPU
		{9D98BEBF-AEB9-4ED3-AEA5-1DA1D30F7785}.Release|Any CPU.ActiveCfg = Release|Any CPU
		{9D98BEBF-AEB9-4ED3-AEA5-1DA1D30F7785}.Release|Any CPU.Build.0 = Release|Any CPU
		{D41469CE-5D35-4D82-B425-981D646E259B}.Debug|Any CPU.ActiveCfg = Debug|Any CPU
		{D41469CE-5D35-4D82-B425-981D646E259B}.Debug|Any CPU.Build.0 = Debug|Any CPU
		{D41469CE-5D35-4D82-B425-981D646E259B}.Release|Any CPU.ActiveCfg = Release|Any CPU
		{D41469CE-5D35-4D82-B425-981D646E259B}.Release|Any CPU.Build.0 = Release|Any CPU
		{B176957C-5F68-489A-9ECA-FD99776B4AE3}.Debug|Any CPU.ActiveCfg = Debug|Any CPU
		{B176957C-5F68-489A-9ECA-FD99776B4AE3}.Debug|Any CPU.Build.0 = Debug|Any CPU
		{B176957C-5F68-489A-9ECA-FD99776B4AE3}.Release|Any CPU.ActiveCfg = Release|Any CPU
		{B176957C-5F68-489A-9ECA-FD99776B4AE3}.Release|Any CPU.Build.0 = Release|Any CPU
		{4F86170D-B82E-48B2-8842-FC671366AB9D}.Debug|Any CPU.ActiveCfg = Debug|Any CPU
		{4F86170D-B82E-48B2-8842-FC671366AB9D}.Debug|Any CPU.Build.0 = Debug|Any CPU
		{4F86170D-B82E-48B2-8842-FC671366AB9D}.Release|Any CPU.ActiveCfg = Release|Any CPU
		{4F86170D-B82E-48B2-8842-FC671366AB9D}.Release|Any CPU.Build.0 = Release|Any CPU
		{02884445-6A30-498F-A3CA-17C95DB51BE5}.Debug|Any CPU.ActiveCfg = Debug|Any CPU
		{02884445-6A30-498F-A3CA-17C95DB51BE5}.Debug|Any CPU.Build.0 = Debug|Any CPU
		{02884445-6A30-498F-A3CA-17C95DB51BE5}.Release|Any CPU.ActiveCfg = Release|Any CPU
		{02884445-6A30-498F-A3CA-17C95DB51BE5}.Release|Any CPU.Build.0 = Release|Any CPU
		{685BDA8F-054D-46F9-A65C-39ABA635A1CA}.Debug|Any CPU.ActiveCfg = Debug|Any CPU
		{685BDA8F-054D-46F9-A65C-39ABA635A1CA}.Debug|Any CPU.Build.0 = Debug|Any CPU
		{685BDA8F-054D-46F9-A65C-39ABA635A1CA}.Release|Any CPU.ActiveCfg = Release|Any CPU
		{685BDA8F-054D-46F9-A65C-39ABA635A1CA}.Release|Any CPU.Build.0 = Release|Any CPU
		{F3EB45C7-F8EC-4321-A852-9FA92544D7B3}.Debug|Any CPU.ActiveCfg = Debug|Any CPU
		{F3EB45C7-F8EC-4321-A852-9FA92544D7B3}.Debug|Any CPU.Build.0 = Debug|Any CPU
		{F3EB45C7-F8EC-4321-A852-9FA92544D7B3}.Release|Any CPU.ActiveCfg = Release|Any CPU
		{F3EB45C7-F8EC-4321-A852-9FA92544D7B3}.Release|Any CPU.Build.0 = Release|Any CPU
		{2A13434E-BA12-410F-8CF8-A83ACE88B9B5}.Debug|Any CPU.ActiveCfg = Debug|Any CPU
		{2A13434E-BA12-410F-8CF8-A83ACE88B9B5}.Debug|Any CPU.Build.0 = Debug|Any CPU
		{2A13434E-BA12-410F-8CF8-A83ACE88B9B5}.Release|Any CPU.ActiveCfg = Release|Any CPU
		{2A13434E-BA12-410F-8CF8-A83ACE88B9B5}.Release|Any CPU.Build.0 = Release|Any CPU
		{A5824737-6079-4273-A0D9-76032CFCE557}.Debug|Any CPU.ActiveCfg = Debug|Any CPU
		{A5824737-6079-4273-A0D9-76032CFCE557}.Debug|Any CPU.Build.0 = Debug|Any CPU
		{A5824737-6079-4273-A0D9-76032CFCE557}.Release|Any CPU.ActiveCfg = Release|Any CPU
		{A5824737-6079-4273-A0D9-76032CFCE557}.Release|Any CPU.Build.0 = Release|Any CPU
		{0E15170F-6B06-4059-B204-6D29225488A7}.Debug|Any CPU.ActiveCfg = Debug|Any CPU
		{0E15170F-6B06-4059-B204-6D29225488A7}.Debug|Any CPU.Build.0 = Debug|Any CPU
		{0E15170F-6B06-4059-B204-6D29225488A7}.Release|Any CPU.ActiveCfg = Release|Any CPU
		{0E15170F-6B06-4059-B204-6D29225488A7}.Release|Any CPU.Build.0 = Release|Any CPU
		{E9B726E4-23E2-499C-B7CE-830D0AAFFF92}.Debug|Any CPU.ActiveCfg = Debug|Any CPU
		{E9B726E4-23E2-499C-B7CE-830D0AAFFF92}.Debug|Any CPU.Build.0 = Debug|Any CPU
		{E9B726E4-23E2-499C-B7CE-830D0AAFFF92}.Release|Any CPU.ActiveCfg = Release|Any CPU
		{E9B726E4-23E2-499C-B7CE-830D0AAFFF92}.Release|Any CPU.Build.0 = Release|Any CPU
		{B8B79D82-D4C5-4B01-8CD2-6D3AE45E4BA4}.Debug|Any CPU.ActiveCfg = Debug|Any CPU
		{B8B79D82-D4C5-4B01-8CD2-6D3AE45E4BA4}.Debug|Any CPU.Build.0 = Debug|Any CPU
		{B8B79D82-D4C5-4B01-8CD2-6D3AE45E4BA4}.Release|Any CPU.ActiveCfg = Release|Any CPU
		{B8B79D82-D4C5-4B01-8CD2-6D3AE45E4BA4}.Release|Any CPU.Build.0 = Release|Any CPU
		{C7677471-80B2-4FC3-BCF6-3320566DC0A5}.Debug|Any CPU.ActiveCfg = Debug|Any CPU
		{C7677471-80B2-4FC3-BCF6-3320566DC0A5}.Debug|Any CPU.Build.0 = Debug|Any CPU
		{C7677471-80B2-4FC3-BCF6-3320566DC0A5}.Release|Any CPU.ActiveCfg = Release|Any CPU
		{C7677471-80B2-4FC3-BCF6-3320566DC0A5}.Release|Any CPU.Build.0 = Release|Any CPU
		{888579DC-4878-42C4-A2FE-EC35DA338EF2}.Debug|Any CPU.ActiveCfg = Debug|Any CPU
		{888579DC-4878-42C4-A2FE-EC35DA338EF2}.Debug|Any CPU.Build.0 = Debug|Any CPU
		{888579DC-4878-42C4-A2FE-EC35DA338EF2}.Release|Any CPU.ActiveCfg = Release|Any CPU
		{888579DC-4878-42C4-A2FE-EC35DA338EF2}.Release|Any CPU.Build.0 = Release|Any CPU
		{CAA08CC0-0DDA-44A8-890E-462628B33BAA}.Debug|Any CPU.ActiveCfg = Debug|Any CPU
		{CAA08CC0-0DDA-44A8-890E-462628B33BAA}.Debug|Any CPU.Build.0 = Debug|Any CPU
		{CAA08CC0-0DDA-44A8-890E-462628B33BAA}.Release|Any CPU.ActiveCfg = Release|Any CPU
		{CAA08CC0-0DDA-44A8-890E-462628B33BAA}.Release|Any CPU.Build.0 = Release|Any CPU
		{DE8C4A16-0900-472D-BF9B-F2C76894A240}.Debug|Any CPU.ActiveCfg = Debug|Any CPU
		{DE8C4A16-0900-472D-BF9B-F2C76894A240}.Debug|Any CPU.Build.0 = Debug|Any CPU
		{DE8C4A16-0900-472D-BF9B-F2C76894A240}.Release|Any CPU.ActiveCfg = Release|Any CPU
		{DE8C4A16-0900-472D-BF9B-F2C76894A240}.Release|Any CPU.Build.0 = Release|Any CPU
		{61149788-6C97-4968-BE95-B593AF1279CA}.Debug|Any CPU.ActiveCfg = Debug|Any CPU
		{61149788-6C97-4968-BE95-B593AF1279CA}.Debug|Any CPU.Build.0 = Debug|Any CPU
		{61149788-6C97-4968-BE95-B593AF1279CA}.Release|Any CPU.ActiveCfg = Release|Any CPU
		{61149788-6C97-4968-BE95-B593AF1279CA}.Release|Any CPU.Build.0 = Release|Any CPU
		{7AEF24FC-82DA-4492-A823-D3BDF026F21A}.Debug|Any CPU.ActiveCfg = Debug|Any CPU
		{7AEF24FC-82DA-4492-A823-D3BDF026F21A}.Debug|Any CPU.Build.0 = Debug|Any CPU
		{7AEF24FC-82DA-4492-A823-D3BDF026F21A}.Release|Any CPU.ActiveCfg = Release|Any CPU
		{7AEF24FC-82DA-4492-A823-D3BDF026F21A}.Release|Any CPU.Build.0 = Release|Any CPU
		{D4AD8091-0247-4504-82F9-3CF5467DACE8}.Debug|Any CPU.ActiveCfg = Debug|Any CPU
		{D4AD8091-0247-4504-82F9-3CF5467DACE8}.Debug|Any CPU.Build.0 = Debug|Any CPU
		{D4AD8091-0247-4504-82F9-3CF5467DACE8}.Release|Any CPU.ActiveCfg = Release|Any CPU
		{D4AD8091-0247-4504-82F9-3CF5467DACE8}.Release|Any CPU.Build.0 = Release|Any CPU
		{05DA3C64-1E74-4C20-8147-163CD23E7666}.Debug|Any CPU.ActiveCfg = Debug|Any CPU
		{05DA3C64-1E74-4C20-8147-163CD23E7666}.Debug|Any CPU.Build.0 = Debug|Any CPU
		{05DA3C64-1E74-4C20-8147-163CD23E7666}.Release|Any CPU.ActiveCfg = Release|Any CPU
		{05DA3C64-1E74-4C20-8147-163CD23E7666}.Release|Any CPU.Build.0 = Release|Any CPU
		{4994E4DA-839F-4767-A44D-D06859F36AE0}.Debug|Any CPU.ActiveCfg = Debug|Any CPU
		{4994E4DA-839F-4767-A44D-D06859F36AE0}.Debug|Any CPU.Build.0 = Debug|Any CPU
		{4994E4DA-839F-4767-A44D-D06859F36AE0}.Release|Any CPU.ActiveCfg = Release|Any CPU
		{4994E4DA-839F-4767-A44D-D06859F36AE0}.Release|Any CPU.Build.0 = Release|Any CPU
		{FAA79E63-22DE-4F94-96FE-AFF4570D88EF}.Debug|Any CPU.ActiveCfg = Debug|Any CPU
		{FAA79E63-22DE-4F94-96FE-AFF4570D88EF}.Debug|Any CPU.Build.0 = Debug|Any CPU
		{FAA79E63-22DE-4F94-96FE-AFF4570D88EF}.Release|Any CPU.ActiveCfg = Release|Any CPU
		{FAA79E63-22DE-4F94-96FE-AFF4570D88EF}.Release|Any CPU.Build.0 = Release|Any CPU
		{08D61327-F0AC-4440-99BF-EA7B1F882480}.Debug|Any CPU.ActiveCfg = Debug|Any CPU
		{08D61327-F0AC-4440-99BF-EA7B1F882480}.Debug|Any CPU.Build.0 = Debug|Any CPU
		{08D61327-F0AC-4440-99BF-EA7B1F882480}.Release|Any CPU.ActiveCfg = Release|Any CPU
		{08D61327-F0AC-4440-99BF-EA7B1F882480}.Release|Any CPU.Build.0 = Release|Any CPU
		{E8A098FB-0AA0-4CC3-8894-E0BEF51CAB53}.Debug|Any CPU.ActiveCfg = Debug|Any CPU
		{E8A098FB-0AA0-4CC3-8894-E0BEF51CAB53}.Debug|Any CPU.Build.0 = Debug|Any CPU
		{E8A098FB-0AA0-4CC3-8894-E0BEF51CAB53}.Release|Any CPU.ActiveCfg = Release|Any CPU
		{E8A098FB-0AA0-4CC3-8894-E0BEF51CAB53}.Release|Any CPU.Build.0 = Release|Any CPU
		{FD0045AC-BC2D-42EC-B4D2-0DC8D1672DA0}.Debug|Any CPU.ActiveCfg = Debug|Any CPU
		{FD0045AC-BC2D-42EC-B4D2-0DC8D1672DA0}.Debug|Any CPU.Build.0 = Debug|Any CPU
		{FD0045AC-BC2D-42EC-B4D2-0DC8D1672DA0}.Release|Any CPU.ActiveCfg = Release|Any CPU
		{FD0045AC-BC2D-42EC-B4D2-0DC8D1672DA0}.Release|Any CPU.Build.0 = Release|Any CPU
	EndGlobalSection
	GlobalSection(SolutionProperties) = preSolution
		HideSolutionNode = FALSE
	EndGlobalSection
	GlobalSection(NestedProjects) = preSolution
		{276EE5EC-24C6-4B27-8B94-5DCB198BD4E6} = {103B4D8F-CFFC-4644-B966-D140801E9300}
		{9DE13D88-A841-4748-AFBA-EBA63CD25CEA} = {6CF9B959-47C2-4434-8A55-3937DBFB4CF4}
		{801D0B66-B7CF-415B-884A-0BAFD43B5E4A} = {2DF90D19-4370-4683-9DFF-40E39F40E678}
		{DCE5F34E-9C5E-4166-923B-84F6E34C441B} = {5F79FE53-4178-424F-9EF5-01A97AE75586}
		{9D98BEBF-AEB9-4ED3-AEA5-1DA1D30F7785} = {4D852031-93B2-475E-87BB-BB3412F4A568}
		{D41469CE-5D35-4D82-B425-981D646E259B} = {DD413614-DC7C-4507-8087-FCE02F379505}
		{B176957C-5F68-489A-9ECA-FD99776B4AE3} = {575E95FF-3993-42CF-A3CA-308EAABFBCA0}
		{4F86170D-B82E-48B2-8842-FC671366AB9D} = {952947BE-02C1-47F4-87C3-D7109E11D189}
		{02884445-6A30-498F-A3CA-17C95DB51BE5} = {50CA1AC4-2123-4FAC-8AD7-C230C96E306D}
		{685BDA8F-054D-46F9-A65C-39ABA635A1CA} = {F6A4567F-1437-48BA-8CEC-C0C77CB1609C}
		{F3EB45C7-F8EC-4321-A852-9FA92544D7B3} = {DAFF82C6-27EB-478C-A15D-70F5E3B95D54}
		{2A13434E-BA12-410F-8CF8-A83ACE88B9B5} = {83B5FB2A-43B8-43F8-BB23-04BD2E8655F1}
		{A5824737-6079-4273-A0D9-76032CFCE557} = {83B5FB2A-43B8-43F8-BB23-04BD2E8655F1}
		{0E15170F-6B06-4059-B204-6D29225488A7} = {83B5FB2A-43B8-43F8-BB23-04BD2E8655F1}
		{E9B726E4-23E2-499C-B7CE-830D0AAFFF92} = {83B5FB2A-43B8-43F8-BB23-04BD2E8655F1}
		{B8B79D82-D4C5-4B01-8CD2-6D3AE45E4BA4} = {83B5FB2A-43B8-43F8-BB23-04BD2E8655F1}
		{C7677471-80B2-4FC3-BCF6-3320566DC0A5} = {83B5FB2A-43B8-43F8-BB23-04BD2E8655F1}
		{888579DC-4878-42C4-A2FE-EC35DA338EF2} = {83B5FB2A-43B8-43F8-BB23-04BD2E8655F1}
		{CAA08CC0-0DDA-44A8-890E-462628B33BAA} = {3216C761-8FB6-4541-B517-B005BE920777}
		{DE8C4A16-0900-472D-BF9B-F2C76894A240} = {3216C761-8FB6-4541-B517-B005BE920777}
		{61149788-6C97-4968-BE95-B593AF1279CA} = {3216C761-8FB6-4541-B517-B005BE920777}
		{7AEF24FC-82DA-4492-A823-D3BDF026F21A} = {952947BE-02C1-47F4-87C3-D7109E11D189}
		{D4AD8091-0247-4504-82F9-3CF5467DACE8} = {BE54C973-BB1D-44A5-8801-B2CDAFB965DE}
		{05DA3C64-1E74-4C20-8147-163CD23E7666} = {BE54C973-BB1D-44A5-8801-B2CDAFB965DE}
		{4994E4DA-839F-4767-A44D-D06859F36AE0} = {BE54C973-BB1D-44A5-8801-B2CDAFB965DE}
		{FAA79E63-22DE-4F94-96FE-AFF4570D88EF} = {BE54C973-BB1D-44A5-8801-B2CDAFB965DE}
		{08D61327-F0AC-4440-99BF-EA7B1F882480} = {BE54C973-BB1D-44A5-8801-B2CDAFB965DE}
		{E8A098FB-0AA0-4CC3-8894-E0BEF51CAB53} = {BE54C973-BB1D-44A5-8801-B2CDAFB965DE}
		{FD0045AC-BC2D-42EC-B4D2-0DC8D1672DA0} = {BE54C973-BB1D-44A5-8801-B2CDAFB965DE}
	EndGlobalSection
	GlobalSection(ExtensibilityGlobals) = postSolution
		SolutionGuid = {6EEAC331-FE5A-4021-B9E5-11439E2783C7}
	EndGlobalSection
EndGlobal
