
Microsoft Visual Studio Solution File, Format Version 12.00
# Visual Studio 15
VisualStudioVersion = 15.0.28307.271
MinimumVisualStudioVersion = 10.0.40219.1
Project("{FAE04EC0-301F-11D3-BF4B-00C04F79EFBC}") = "TabuadaApp", "CalculadorApp\TabuadaApp.csproj", "{5F1A3B47-5FBB-4E17-BCC8-61AA425D9F00}"
EndProject
Project("{FAE04EC0-301F-11D3-BF4B-00C04F79EFBC}") = "CalculadoraApp", "..\Calculadora\CalculadoraApp.csproj", "{014EFAF7-8BDA-48DA-8D70-8F8C5CC28095}"
EndProject
Project("{9A19103F-16F7-4668-BE54-9A1E7A4F7556}") = "calculadoraPOO", "calculadoraPOO\calculadoraPOO.csproj", "{521F4E4E-6155-47E5-829F-435B2C081821}"
EndProject
Project("{9A19103F-16F7-4668-BE54-9A1E7A4F7556}") = "MaximoMin", "MaximoMin\MaximoMin.csproj", "{3F71176B-90A5-471F-89DC-E180B764F6A6}"
EndProject
Project("{9A19103F-16F7-4668-BE54-9A1E7A4F7556}") = "Validador_Character", "Validador_Character\Validador_Character.csproj", "{34E6B603-4BB9-4E5D-8286-D7AD6231DE10}"
EndProject
Project("{9A19103F-16F7-4668-BE54-9A1E7A4F7556}") = "Construtores_Loja", "Loja\Construtores_Loja.csproj", "{83C98E01-98DF-48C2-821C-F393F8DED599}"
EndProject
Project("{9A19103F-16F7-4668-BE54-9A1E7A4F7556}") = "ToString_Triangulo", "Triangulo\ToString_Triangulo.csproj", "{BB15F16D-640B-48AE-8D78-C2DA1537DEE5}"
EndProject
Project("{9A19103F-16F7-4668-BE54-9A1E7A4F7556}") = "ToString_Salario", "Salario\ToString_Salario.csproj", "{88116ED7-95F6-4451-9515-9FF22986631F}"
EndProject
Project("{9A19103F-16F7-4668-BE54-9A1E7A4F7556}") = "CircunferenciaDoRaio", "Circunferencia_Raio\CircunferenciaDoRaio.csproj", "{637B15E3-A8E0-4073-B063-18B1CAEC72F9}"
EndProject
Project("{9A19103F-16F7-4668-BE54-9A1E7A4F7556}") = "Static_Circunferencia", "Static_Circunferencia\Static_Circunferencia.csproj", "{01F54EB3-2426-4D38-91AF-C4FFEB9EFE0C}"
EndProject
Project("{9A19103F-16F7-4668-BE54-9A1E7A4F7556}") = "Static_Calculadora", "Calc_Static\Static_Calculadora.csproj", "{2E94133D-09E9-4CE9-8CCE-3291194808DF}"
EndProject
Project("{9A19103F-16F7-4668-BE54-9A1E7A4F7556}") = "Static_ConversaoMoeda", "ConversaoMoeda\Static_ConversaoMoeda.csproj", "{0BF310AA-05EE-433E-859D-89B063EA9D3C}"
EndProject
Project("{2150E333-8FDC-42A3-9474-1A3956D46DE8}") = "Membros estaticos", "Membros estaticos", "{2E8C1BAC-FA6F-4CE4-8A41-8C125E6AA6A4}"
EndProject
Project("{2150E333-8FDC-42A3-9474-1A3956D46DE8}") = "Membros ToString", "Membros ToString", "{7F5AC5E1-4AFC-447A-97DB-C00F8D6E43E5}"
EndProject
Project("{2150E333-8FDC-42A3-9474-1A3956D46DE8}") = "PooInicio", "PooInicio", "{E36FB50C-37BC-4F0A-BD11-FB8DE82B5123}"
EndProject
Project("{2150E333-8FDC-42A3-9474-1A3956D46DE8}") = "Estruturado", "Estruturado", "{4CA1C52C-6AD1-4DE3-9251-A255BE2F1FE1}"
EndProject
Project("{2150E333-8FDC-42A3-9474-1A3956D46DE8}") = "Construtores", "Construtores", "{AA07C929-3541-4EE1-B2F0-0448C667C849}"
EndProject
Project("{9A19103F-16F7-4668-BE54-9A1E7A4F7556}") = "ToString_Loja", "ToString_Loja\ToString_Loja.csproj", "{63C8A06C-A25B-4299-9BB6-89B5715FF96B}"
EndProject
Project("{9A19103F-16F7-4668-BE54-9A1E7A4F7556}") = "Construtores_Sobrecarga", "Construtores_Sobrecarga\Construtores_Sobrecarga.csproj", "{2FD5CF20-BC77-4B99-902C-20725443DFF1}"
EndProject
Project("{9A19103F-16F7-4668-BE54-9A1E7A4F7556}") = "Construtores_This", "Construtores_This\Construtores_This.csproj", "{4F3418B4-7ACC-4AC7-ACB3-6AA4557349B9}"
EndProject
Project("{9A19103F-16F7-4668-BE54-9A1E7A4F7556}") = "Construtores_Encapsula", "Construtores_Encapsula\Construtores_Encapsula.csproj", "{56BDA5DB-64D9-41B9-808F-98522D13110B}"
EndProject
Project("{9A19103F-16F7-4668-BE54-9A1E7A4F7556}") = "Construtores_Proprieties", "Construtores_Proprieties\Construtores_Proprieties.csproj", "{33D532B1-9E0B-46DF-9ECD-1F051D9D729B}"
EndProject
Project("{9A19103F-16F7-4668-BE54-9A1E7A4F7556}") = "Construtores_AutoProprieties", "Construtores_AutoProprieties\Construtores_AutoProprieties.csproj", "{89078A5B-F031-489E-8AF8-4E1886475134}"
EndProject
Project("{FAE04EC0-301F-11D3-BF4B-00C04F79EFBC}") = "Construtores_Banco", "Construtores_Banco\Construtores_Banco.csproj", "{DDBF2616-7A14-4EBE-94A9-E18CB8AD62AA}"
EndProject
Project("{FAE04EC0-301F-11D3-BF4B-00C04F79EFBC}") = "Structs", "Arrays_Listas_Structs\Structs.csproj", "{931151DC-3BF9-4009-B934-D73FDE54C93C}"
EndProject
Project("{2150E333-8FDC-42A3-9474-1A3956D46DE8}") = "Array_Listas_Structs", "Array_Listas_Structs", "{7549D823-3237-4029-8BB6-A27780B03CEB}"
EndProject
Project("{FAE04EC0-301F-11D3-BF4B-00C04F79EFBC}") = "Garbage collector", "Garbage collector\Garbage collector.csproj", "{FE2715CD-874F-4213-A008-87903A5CD449}"
EndProject
Project("{FAE04EC0-301F-11D3-BF4B-00C04F79EFBC}") = "nullable", "nullable\nullable.csproj", "{60DC5FC7-8D7F-4D5F-9F7E-C1CAEDC91EA2}"
EndProject
Project("{FAE04EC0-301F-11D3-BF4B-00C04F79EFBC}") = "Array", "Array\Array.csproj", "{BD1631B1-C0D7-42CE-BFA8-A3CC1242752F}"
EndProject
Project("{FAE04EC0-301F-11D3-BF4B-00C04F79EFBC}") = "Array_Prod", "Array_Prod\Array_Prod.csproj", "{89FF7BA1-ABF6-45C4-A51E-32F3FA00E3F3}"
EndProject
Project("{FAE04EC0-301F-11D3-BF4B-00C04F79EFBC}") = "Array_Pensao_Alunos", "Array_Pensao_Alunos\Array_Pensao_Alunos.csproj", "{74E14A02-42EE-42A6-9E6D-75C17D899DC5}"
EndProject
Project("{FAE04EC0-301F-11D3-BF4B-00C04F79EFBC}") = "Modificadores_Params", "Modificadores_Params\Modificadores_Params.csproj", "{09FB8B44-955E-42F2-BD21-3ECFCE2C7EE7}"
EndProject
Project("{FAE04EC0-301F-11D3-BF4B-00C04F79EFBC}") = "Modificadores_Parametros_Atrinuto", "Modificadores_Parametros_Atrinuto\Modificadores_Parametros_Atrinuto.csproj", "{141F41B8-6CD5-4D29-A98F-BC6CB07C6710}"
EndProject
Project("{FAE04EC0-301F-11D3-BF4B-00C04F79EFBC}") = "Ref_Out", "Ref_Out\Ref_Out.csproj", "{4219968B-768D-4351-ACEC-9BA1F1E8978F}"
EndProject
Project("{FAE04EC0-301F-11D3-BF4B-00C04F79EFBC}") = "exampledeParamentoToArrar", "exampledeParamentoToArrar\exampledeParamentoToArrar.csproj", "{C31CBA61-5F60-483A-B86C-4C1FABEB6BDE}"
EndProject
Project("{FAE04EC0-301F-11D3-BF4B-00C04F79EFBC}") = "Foreach", "Foreach\Foreach.csproj", "{6B98372C-63F1-409A-8438-4D0CA7D4F151}"
EndProject
Project("{2150E333-8FDC-42A3-9474-1A3956D46DE8}") = "Listas", "Listas", "{4E8F11A2-6876-43C9-A34E-490B21903F74}"
EndProject
Project("{FAE04EC0-301F-11D3-BF4B-00C04F79EFBC}") = "List", "List\List.csproj", "{5A8F7209-C673-4009-B227-C6BA8009B756}"
EndProject
Project("{FAE04EC0-301F-11D3-BF4B-00C04F79EFBC}") = "List_Emplyoeed", "List_Emplyoeed\List_Emplyoeed.csproj", "{6226CE78-CC25-4B65-8E45-8CD8B4A4953E}"
EndProject
Project("{FAE04EC0-301F-11D3-BF4B-00C04F79EFBC}") = "List_Pensao", "List_Pensao\List_Pensao.csproj", "{36A26CCD-ACB2-48F6-A634-D0F44F123950}"
EndProject
Project("{2150E333-8FDC-42A3-9474-1A3956D46DE8}") = "Matriz", "Matriz", "{85F8285A-1C01-4A8A-AC68-E12015C06335}"
EndProject
Project("{FAE04EC0-301F-11D3-BF4B-00C04F79EFBC}") = "Matriz_Exemplo", "Matriz_Exemplo\Matriz_Exemplo.csproj", "{A5BCBF7A-3BEB-47F3-8523-78A196FD9BBA}"
EndProject
Project("{FAE04EC0-301F-11D3-BF4B-00C04F79EFBC}") = "Matriz_Exercicio", "Matriz_Exercicio\Matriz_Exercicio.csproj", "{947535CB-B6BF-4817-B9A8-984DF096D1CC}"
EndProject
Project("{2150E333-8FDC-42A3-9474-1A3956D46DE8}") = "Conjuntos", "Conjuntos", "{28775A64-A6BE-4348-8236-C7CD760B3D61}"
EndProject
Project("{FAE04EC0-301F-11D3-BF4B-00C04F79EFBC}") = "HashSet", "HashSet\HashSet.csproj", "{7D0BA1C0-9534-4914-9DF0-E6E1CB835BED}"
EndProject
Global
	GlobalSection(SolutionConfigurationPlatforms) = preSolution
		Debug|Any CPU = Debug|Any CPU
		Release|Any CPU = Release|Any CPU
	EndGlobalSection
	GlobalSection(ProjectConfigurationPlatforms) = postSolution
		{5F1A3B47-5FBB-4E17-BCC8-61AA425D9F00}.Debug|Any CPU.ActiveCfg = Debug|Any CPU
		{5F1A3B47-5FBB-4E17-BCC8-61AA425D9F00}.Debug|Any CPU.Build.0 = Debug|Any CPU
		{5F1A3B47-5FBB-4E17-BCC8-61AA425D9F00}.Release|Any CPU.ActiveCfg = Release|Any CPU
		{5F1A3B47-5FBB-4E17-BCC8-61AA425D9F00}.Release|Any CPU.Build.0 = Release|Any CPU
		{014EFAF7-8BDA-48DA-8D70-8F8C5CC28095}.Debug|Any CPU.ActiveCfg = Debug|Any CPU
		{014EFAF7-8BDA-48DA-8D70-8F8C5CC28095}.Debug|Any CPU.Build.0 = Debug|Any CPU
		{014EFAF7-8BDA-48DA-8D70-8F8C5CC28095}.Release|Any CPU.ActiveCfg = Release|Any CPU
		{014EFAF7-8BDA-48DA-8D70-8F8C5CC28095}.Release|Any CPU.Build.0 = Release|Any CPU
		{521F4E4E-6155-47E5-829F-435B2C081821}.Debug|Any CPU.ActiveCfg = Debug|Any CPU
		{521F4E4E-6155-47E5-829F-435B2C081821}.Debug|Any CPU.Build.0 = Debug|Any CPU
		{521F4E4E-6155-47E5-829F-435B2C081821}.Release|Any CPU.ActiveCfg = Release|Any CPU
		{521F4E4E-6155-47E5-829F-435B2C081821}.Release|Any CPU.Build.0 = Release|Any CPU
		{3F71176B-90A5-471F-89DC-E180B764F6A6}.Debug|Any CPU.ActiveCfg = Debug|Any CPU
		{3F71176B-90A5-471F-89DC-E180B764F6A6}.Debug|Any CPU.Build.0 = Debug|Any CPU
		{3F71176B-90A5-471F-89DC-E180B764F6A6}.Release|Any CPU.ActiveCfg = Release|Any CPU
		{3F71176B-90A5-471F-89DC-E180B764F6A6}.Release|Any CPU.Build.0 = Release|Any CPU
		{34E6B603-4BB9-4E5D-8286-D7AD6231DE10}.Debug|Any CPU.ActiveCfg = Debug|Any CPU
		{34E6B603-4BB9-4E5D-8286-D7AD6231DE10}.Debug|Any CPU.Build.0 = Debug|Any CPU
		{34E6B603-4BB9-4E5D-8286-D7AD6231DE10}.Release|Any CPU.ActiveCfg = Release|Any CPU
		{34E6B603-4BB9-4E5D-8286-D7AD6231DE10}.Release|Any CPU.Build.0 = Release|Any CPU
		{83C98E01-98DF-48C2-821C-F393F8DED599}.Debug|Any CPU.ActiveCfg = Debug|Any CPU
		{83C98E01-98DF-48C2-821C-F393F8DED599}.Debug|Any CPU.Build.0 = Debug|Any CPU
		{83C98E01-98DF-48C2-821C-F393F8DED599}.Release|Any CPU.ActiveCfg = Release|Any CPU
		{83C98E01-98DF-48C2-821C-F393F8DED599}.Release|Any CPU.Build.0 = Release|Any CPU
		{BB15F16D-640B-48AE-8D78-C2DA1537DEE5}.Debug|Any CPU.ActiveCfg = Debug|Any CPU
		{BB15F16D-640B-48AE-8D78-C2DA1537DEE5}.Debug|Any CPU.Build.0 = Debug|Any CPU
		{BB15F16D-640B-48AE-8D78-C2DA1537DEE5}.Release|Any CPU.ActiveCfg = Release|Any CPU
		{BB15F16D-640B-48AE-8D78-C2DA1537DEE5}.Release|Any CPU.Build.0 = Release|Any CPU
		{88116ED7-95F6-4451-9515-9FF22986631F}.Debug|Any CPU.ActiveCfg = Debug|Any CPU
		{88116ED7-95F6-4451-9515-9FF22986631F}.Debug|Any CPU.Build.0 = Debug|Any CPU
		{88116ED7-95F6-4451-9515-9FF22986631F}.Release|Any CPU.ActiveCfg = Release|Any CPU
		{88116ED7-95F6-4451-9515-9FF22986631F}.Release|Any CPU.Build.0 = Release|Any CPU
		{637B15E3-A8E0-4073-B063-18B1CAEC72F9}.Debug|Any CPU.ActiveCfg = Debug|Any CPU
		{637B15E3-A8E0-4073-B063-18B1CAEC72F9}.Debug|Any CPU.Build.0 = Debug|Any CPU
		{637B15E3-A8E0-4073-B063-18B1CAEC72F9}.Release|Any CPU.ActiveCfg = Release|Any CPU
		{637B15E3-A8E0-4073-B063-18B1CAEC72F9}.Release|Any CPU.Build.0 = Release|Any CPU
		{01F54EB3-2426-4D38-91AF-C4FFEB9EFE0C}.Debug|Any CPU.ActiveCfg = Debug|Any CPU
		{01F54EB3-2426-4D38-91AF-C4FFEB9EFE0C}.Debug|Any CPU.Build.0 = Debug|Any CPU
		{01F54EB3-2426-4D38-91AF-C4FFEB9EFE0C}.Release|Any CPU.ActiveCfg = Release|Any CPU
		{01F54EB3-2426-4D38-91AF-C4FFEB9EFE0C}.Release|Any CPU.Build.0 = Release|Any CPU
		{2E94133D-09E9-4CE9-8CCE-3291194808DF}.Debug|Any CPU.ActiveCfg = Debug|Any CPU
		{2E94133D-09E9-4CE9-8CCE-3291194808DF}.Debug|Any CPU.Build.0 = Debug|Any CPU
		{2E94133D-09E9-4CE9-8CCE-3291194808DF}.Release|Any CPU.ActiveCfg = Release|Any CPU
		{2E94133D-09E9-4CE9-8CCE-3291194808DF}.Release|Any CPU.Build.0 = Release|Any CPU
		{0BF310AA-05EE-433E-859D-89B063EA9D3C}.Debug|Any CPU.ActiveCfg = Debug|Any CPU
		{0BF310AA-05EE-433E-859D-89B063EA9D3C}.Debug|Any CPU.Build.0 = Debug|Any CPU
		{0BF310AA-05EE-433E-859D-89B063EA9D3C}.Release|Any CPU.ActiveCfg = Release|Any CPU
		{0BF310AA-05EE-433E-859D-89B063EA9D3C}.Release|Any CPU.Build.0 = Release|Any CPU
		{63C8A06C-A25B-4299-9BB6-89B5715FF96B}.Debug|Any CPU.ActiveCfg = Debug|Any CPU
		{63C8A06C-A25B-4299-9BB6-89B5715FF96B}.Debug|Any CPU.Build.0 = Debug|Any CPU
		{63C8A06C-A25B-4299-9BB6-89B5715FF96B}.Release|Any CPU.ActiveCfg = Release|Any CPU
		{63C8A06C-A25B-4299-9BB6-89B5715FF96B}.Release|Any CPU.Build.0 = Release|Any CPU
		{2FD5CF20-BC77-4B99-902C-20725443DFF1}.Debug|Any CPU.ActiveCfg = Debug|Any CPU
		{2FD5CF20-BC77-4B99-902C-20725443DFF1}.Debug|Any CPU.Build.0 = Debug|Any CPU
		{2FD5CF20-BC77-4B99-902C-20725443DFF1}.Release|Any CPU.ActiveCfg = Release|Any CPU
		{2FD5CF20-BC77-4B99-902C-20725443DFF1}.Release|Any CPU.Build.0 = Release|Any CPU
		{4F3418B4-7ACC-4AC7-ACB3-6AA4557349B9}.Debug|Any CPU.ActiveCfg = Debug|Any CPU
		{4F3418B4-7ACC-4AC7-ACB3-6AA4557349B9}.Debug|Any CPU.Build.0 = Debug|Any CPU
		{4F3418B4-7ACC-4AC7-ACB3-6AA4557349B9}.Release|Any CPU.ActiveCfg = Release|Any CPU
		{4F3418B4-7ACC-4AC7-ACB3-6AA4557349B9}.Release|Any CPU.Build.0 = Release|Any CPU
		{56BDA5DB-64D9-41B9-808F-98522D13110B}.Debug|Any CPU.ActiveCfg = Debug|Any CPU
		{56BDA5DB-64D9-41B9-808F-98522D13110B}.Debug|Any CPU.Build.0 = Debug|Any CPU
		{56BDA5DB-64D9-41B9-808F-98522D13110B}.Release|Any CPU.ActiveCfg = Release|Any CPU
		{56BDA5DB-64D9-41B9-808F-98522D13110B}.Release|Any CPU.Build.0 = Release|Any CPU
		{33D532B1-9E0B-46DF-9ECD-1F051D9D729B}.Debug|Any CPU.ActiveCfg = Debug|Any CPU
		{33D532B1-9E0B-46DF-9ECD-1F051D9D729B}.Debug|Any CPU.Build.0 = Debug|Any CPU
		{33D532B1-9E0B-46DF-9ECD-1F051D9D729B}.Release|Any CPU.ActiveCfg = Release|Any CPU
		{33D532B1-9E0B-46DF-9ECD-1F051D9D729B}.Release|Any CPU.Build.0 = Release|Any CPU
		{89078A5B-F031-489E-8AF8-4E1886475134}.Debug|Any CPU.ActiveCfg = Debug|Any CPU
		{89078A5B-F031-489E-8AF8-4E1886475134}.Debug|Any CPU.Build.0 = Debug|Any CPU
		{89078A5B-F031-489E-8AF8-4E1886475134}.Release|Any CPU.ActiveCfg = Release|Any CPU
		{89078A5B-F031-489E-8AF8-4E1886475134}.Release|Any CPU.Build.0 = Release|Any CPU
		{DDBF2616-7A14-4EBE-94A9-E18CB8AD62AA}.Debug|Any CPU.ActiveCfg = Debug|Any CPU
		{DDBF2616-7A14-4EBE-94A9-E18CB8AD62AA}.Debug|Any CPU.Build.0 = Debug|Any CPU
		{DDBF2616-7A14-4EBE-94A9-E18CB8AD62AA}.Release|Any CPU.ActiveCfg = Release|Any CPU
		{DDBF2616-7A14-4EBE-94A9-E18CB8AD62AA}.Release|Any CPU.Build.0 = Release|Any CPU
		{931151DC-3BF9-4009-B934-D73FDE54C93C}.Debug|Any CPU.ActiveCfg = Debug|Any CPU
		{931151DC-3BF9-4009-B934-D73FDE54C93C}.Debug|Any CPU.Build.0 = Debug|Any CPU
		{931151DC-3BF9-4009-B934-D73FDE54C93C}.Release|Any CPU.ActiveCfg = Release|Any CPU
		{931151DC-3BF9-4009-B934-D73FDE54C93C}.Release|Any CPU.Build.0 = Release|Any CPU
		{FE2715CD-874F-4213-A008-87903A5CD449}.Debug|Any CPU.ActiveCfg = Debug|Any CPU
		{FE2715CD-874F-4213-A008-87903A5CD449}.Debug|Any CPU.Build.0 = Debug|Any CPU
		{FE2715CD-874F-4213-A008-87903A5CD449}.Release|Any CPU.ActiveCfg = Release|Any CPU
		{FE2715CD-874F-4213-A008-87903A5CD449}.Release|Any CPU.Build.0 = Release|Any CPU
		{60DC5FC7-8D7F-4D5F-9F7E-C1CAEDC91EA2}.Debug|Any CPU.ActiveCfg = Debug|Any CPU
		{60DC5FC7-8D7F-4D5F-9F7E-C1CAEDC91EA2}.Debug|Any CPU.Build.0 = Debug|Any CPU
		{60DC5FC7-8D7F-4D5F-9F7E-C1CAEDC91EA2}.Release|Any CPU.ActiveCfg = Release|Any CPU
		{60DC5FC7-8D7F-4D5F-9F7E-C1CAEDC91EA2}.Release|Any CPU.Build.0 = Release|Any CPU
		{BD1631B1-C0D7-42CE-BFA8-A3CC1242752F}.Debug|Any CPU.ActiveCfg = Debug|Any CPU
		{BD1631B1-C0D7-42CE-BFA8-A3CC1242752F}.Debug|Any CPU.Build.0 = Debug|Any CPU
		{BD1631B1-C0D7-42CE-BFA8-A3CC1242752F}.Release|Any CPU.ActiveCfg = Release|Any CPU
		{BD1631B1-C0D7-42CE-BFA8-A3CC1242752F}.Release|Any CPU.Build.0 = Release|Any CPU
		{89FF7BA1-ABF6-45C4-A51E-32F3FA00E3F3}.Debug|Any CPU.ActiveCfg = Debug|Any CPU
		{89FF7BA1-ABF6-45C4-A51E-32F3FA00E3F3}.Debug|Any CPU.Build.0 = Debug|Any CPU
		{89FF7BA1-ABF6-45C4-A51E-32F3FA00E3F3}.Release|Any CPU.ActiveCfg = Release|Any CPU
		{89FF7BA1-ABF6-45C4-A51E-32F3FA00E3F3}.Release|Any CPU.Build.0 = Release|Any CPU
		{74E14A02-42EE-42A6-9E6D-75C17D899DC5}.Debug|Any CPU.ActiveCfg = Debug|Any CPU
		{74E14A02-42EE-42A6-9E6D-75C17D899DC5}.Debug|Any CPU.Build.0 = Debug|Any CPU
		{74E14A02-42EE-42A6-9E6D-75C17D899DC5}.Release|Any CPU.ActiveCfg = Release|Any CPU
		{74E14A02-42EE-42A6-9E6D-75C17D899DC5}.Release|Any CPU.Build.0 = Release|Any CPU
		{09FB8B44-955E-42F2-BD21-3ECFCE2C7EE7}.Debug|Any CPU.ActiveCfg = Debug|Any CPU
		{09FB8B44-955E-42F2-BD21-3ECFCE2C7EE7}.Debug|Any CPU.Build.0 = Debug|Any CPU
		{09FB8B44-955E-42F2-BD21-3ECFCE2C7EE7}.Release|Any CPU.ActiveCfg = Release|Any CPU
		{09FB8B44-955E-42F2-BD21-3ECFCE2C7EE7}.Release|Any CPU.Build.0 = Release|Any CPU
		{141F41B8-6CD5-4D29-A98F-BC6CB07C6710}.Debug|Any CPU.ActiveCfg = Debug|Any CPU
		{141F41B8-6CD5-4D29-A98F-BC6CB07C6710}.Debug|Any CPU.Build.0 = Debug|Any CPU
		{141F41B8-6CD5-4D29-A98F-BC6CB07C6710}.Release|Any CPU.ActiveCfg = Release|Any CPU
		{141F41B8-6CD5-4D29-A98F-BC6CB07C6710}.Release|Any CPU.Build.0 = Release|Any CPU
		{4219968B-768D-4351-ACEC-9BA1F1E8978F}.Debug|Any CPU.ActiveCfg = Debug|Any CPU
		{4219968B-768D-4351-ACEC-9BA1F1E8978F}.Debug|Any CPU.Build.0 = Debug|Any CPU
		{4219968B-768D-4351-ACEC-9BA1F1E8978F}.Release|Any CPU.ActiveCfg = Release|Any CPU
		{4219968B-768D-4351-ACEC-9BA1F1E8978F}.Release|Any CPU.Build.0 = Release|Any CPU
		{C31CBA61-5F60-483A-B86C-4C1FABEB6BDE}.Debug|Any CPU.ActiveCfg = Debug|Any CPU
		{C31CBA61-5F60-483A-B86C-4C1FABEB6BDE}.Debug|Any CPU.Build.0 = Debug|Any CPU
		{C31CBA61-5F60-483A-B86C-4C1FABEB6BDE}.Release|Any CPU.ActiveCfg = Release|Any CPU
		{C31CBA61-5F60-483A-B86C-4C1FABEB6BDE}.Release|Any CPU.Build.0 = Release|Any CPU
		{6B98372C-63F1-409A-8438-4D0CA7D4F151}.Debug|Any CPU.ActiveCfg = Debug|Any CPU
		{6B98372C-63F1-409A-8438-4D0CA7D4F151}.Debug|Any CPU.Build.0 = Debug|Any CPU
		{6B98372C-63F1-409A-8438-4D0CA7D4F151}.Release|Any CPU.ActiveCfg = Release|Any CPU
		{6B98372C-63F1-409A-8438-4D0CA7D4F151}.Release|Any CPU.Build.0 = Release|Any CPU
		{5A8F7209-C673-4009-B227-C6BA8009B756}.Debug|Any CPU.ActiveCfg = Debug|Any CPU
		{5A8F7209-C673-4009-B227-C6BA8009B756}.Debug|Any CPU.Build.0 = Debug|Any CPU
		{5A8F7209-C673-4009-B227-C6BA8009B756}.Release|Any CPU.ActiveCfg = Release|Any CPU
		{5A8F7209-C673-4009-B227-C6BA8009B756}.Release|Any CPU.Build.0 = Release|Any CPU
		{6226CE78-CC25-4B65-8E45-8CD8B4A4953E}.Debug|Any CPU.ActiveCfg = Debug|Any CPU
		{6226CE78-CC25-4B65-8E45-8CD8B4A4953E}.Debug|Any CPU.Build.0 = Debug|Any CPU
		{6226CE78-CC25-4B65-8E45-8CD8B4A4953E}.Release|Any CPU.ActiveCfg = Release|Any CPU
		{6226CE78-CC25-4B65-8E45-8CD8B4A4953E}.Release|Any CPU.Build.0 = Release|Any CPU
		{36A26CCD-ACB2-48F6-A634-D0F44F123950}.Debug|Any CPU.ActiveCfg = Debug|Any CPU
		{36A26CCD-ACB2-48F6-A634-D0F44F123950}.Debug|Any CPU.Build.0 = Debug|Any CPU
		{36A26CCD-ACB2-48F6-A634-D0F44F123950}.Release|Any CPU.ActiveCfg = Release|Any CPU
		{36A26CCD-ACB2-48F6-A634-D0F44F123950}.Release|Any CPU.Build.0 = Release|Any CPU
		{A5BCBF7A-3BEB-47F3-8523-78A196FD9BBA}.Debug|Any CPU.ActiveCfg = Debug|Any CPU
		{A5BCBF7A-3BEB-47F3-8523-78A196FD9BBA}.Debug|Any CPU.Build.0 = Debug|Any CPU
		{A5BCBF7A-3BEB-47F3-8523-78A196FD9BBA}.Release|Any CPU.ActiveCfg = Release|Any CPU
		{A5BCBF7A-3BEB-47F3-8523-78A196FD9BBA}.Release|Any CPU.Build.0 = Release|Any CPU
		{947535CB-B6BF-4817-B9A8-984DF096D1CC}.Debug|Any CPU.ActiveCfg = Debug|Any CPU
		{947535CB-B6BF-4817-B9A8-984DF096D1CC}.Debug|Any CPU.Build.0 = Debug|Any CPU
		{947535CB-B6BF-4817-B9A8-984DF096D1CC}.Release|Any CPU.ActiveCfg = Release|Any CPU
		{947535CB-B6BF-4817-B9A8-984DF096D1CC}.Release|Any CPU.Build.0 = Release|Any CPU
		{7D0BA1C0-9534-4914-9DF0-E6E1CB835BED}.Debug|Any CPU.ActiveCfg = Debug|Any CPU
		{7D0BA1C0-9534-4914-9DF0-E6E1CB835BED}.Debug|Any CPU.Build.0 = Debug|Any CPU
		{7D0BA1C0-9534-4914-9DF0-E6E1CB835BED}.Release|Any CPU.ActiveCfg = Release|Any CPU
		{7D0BA1C0-9534-4914-9DF0-E6E1CB835BED}.Release|Any CPU.Build.0 = Release|Any CPU
	EndGlobalSection
	GlobalSection(SolutionProperties) = preSolution
		HideSolutionNode = FALSE
	EndGlobalSection
	GlobalSection(NestedProjects) = preSolution
		{5F1A3B47-5FBB-4E17-BCC8-61AA425D9F00} = {4CA1C52C-6AD1-4DE3-9251-A255BE2F1FE1}
		{014EFAF7-8BDA-48DA-8D70-8F8C5CC28095} = {4CA1C52C-6AD1-4DE3-9251-A255BE2F1FE1}
		{521F4E4E-6155-47E5-829F-435B2C081821} = {E36FB50C-37BC-4F0A-BD11-FB8DE82B5123}
		{3F71176B-90A5-471F-89DC-E180B764F6A6} = {4CA1C52C-6AD1-4DE3-9251-A255BE2F1FE1}
		{34E6B603-4BB9-4E5D-8286-D7AD6231DE10} = {4CA1C52C-6AD1-4DE3-9251-A255BE2F1FE1}
		{83C98E01-98DF-48C2-821C-F393F8DED599} = {AA07C929-3541-4EE1-B2F0-0448C667C849}
		{BB15F16D-640B-48AE-8D78-C2DA1537DEE5} = {7F5AC5E1-4AFC-447A-97DB-C00F8D6E43E5}
		{88116ED7-95F6-4451-9515-9FF22986631F} = {7F5AC5E1-4AFC-447A-97DB-C00F8D6E43E5}
		{637B15E3-A8E0-4073-B063-18B1CAEC72F9} = {7F5AC5E1-4AFC-447A-97DB-C00F8D6E43E5}
		{01F54EB3-2426-4D38-91AF-C4FFEB9EFE0C} = {2E8C1BAC-FA6F-4CE4-8A41-8C125E6AA6A4}
		{2E94133D-09E9-4CE9-8CCE-3291194808DF} = {2E8C1BAC-FA6F-4CE4-8A41-8C125E6AA6A4}
		{0BF310AA-05EE-433E-859D-89B063EA9D3C} = {2E8C1BAC-FA6F-4CE4-8A41-8C125E6AA6A4}
		{63C8A06C-A25B-4299-9BB6-89B5715FF96B} = {7F5AC5E1-4AFC-447A-97DB-C00F8D6E43E5}
		{2FD5CF20-BC77-4B99-902C-20725443DFF1} = {AA07C929-3541-4EE1-B2F0-0448C667C849}
		{4F3418B4-7ACC-4AC7-ACB3-6AA4557349B9} = {AA07C929-3541-4EE1-B2F0-0448C667C849}
		{56BDA5DB-64D9-41B9-808F-98522D13110B} = {AA07C929-3541-4EE1-B2F0-0448C667C849}
		{33D532B1-9E0B-46DF-9ECD-1F051D9D729B} = {AA07C929-3541-4EE1-B2F0-0448C667C849}
		{89078A5B-F031-489E-8AF8-4E1886475134} = {AA07C929-3541-4EE1-B2F0-0448C667C849}
		{DDBF2616-7A14-4EBE-94A9-E18CB8AD62AA} = {AA07C929-3541-4EE1-B2F0-0448C667C849}
		{931151DC-3BF9-4009-B934-D73FDE54C93C} = {7549D823-3237-4029-8BB6-A27780B03CEB}
		{FE2715CD-874F-4213-A008-87903A5CD449} = {7549D823-3237-4029-8BB6-A27780B03CEB}
		{60DC5FC7-8D7F-4D5F-9F7E-C1CAEDC91EA2} = {7549D823-3237-4029-8BB6-A27780B03CEB}
		{BD1631B1-C0D7-42CE-BFA8-A3CC1242752F} = {7549D823-3237-4029-8BB6-A27780B03CEB}
		{89FF7BA1-ABF6-45C4-A51E-32F3FA00E3F3} = {7549D823-3237-4029-8BB6-A27780B03CEB}
		{74E14A02-42EE-42A6-9E6D-75C17D899DC5} = {7549D823-3237-4029-8BB6-A27780B03CEB}
		{09FB8B44-955E-42F2-BD21-3ECFCE2C7EE7} = {7549D823-3237-4029-8BB6-A27780B03CEB}
		{141F41B8-6CD5-4D29-A98F-BC6CB07C6710} = {7549D823-3237-4029-8BB6-A27780B03CEB}
		{4219968B-768D-4351-ACEC-9BA1F1E8978F} = {7549D823-3237-4029-8BB6-A27780B03CEB}
		{C31CBA61-5F60-483A-B86C-4C1FABEB6BDE} = {7549D823-3237-4029-8BB6-A27780B03CEB}
		{6B98372C-63F1-409A-8438-4D0CA7D4F151} = {7549D823-3237-4029-8BB6-A27780B03CEB}
		{5A8F7209-C673-4009-B227-C6BA8009B756} = {4E8F11A2-6876-43C9-A34E-490B21903F74}
		{6226CE78-CC25-4B65-8E45-8CD8B4A4953E} = {4E8F11A2-6876-43C9-A34E-490B21903F74}
		{36A26CCD-ACB2-48F6-A634-D0F44F123950} = {4E8F11A2-6876-43C9-A34E-490B21903F74}
		{A5BCBF7A-3BEB-47F3-8523-78A196FD9BBA} = {85F8285A-1C01-4A8A-AC68-E12015C06335}
		{947535CB-B6BF-4817-B9A8-984DF096D1CC} = {85F8285A-1C01-4A8A-AC68-E12015C06335}
		{7D0BA1C0-9534-4914-9DF0-E6E1CB835BED} = {28775A64-A6BE-4348-8236-C7CD760B3D61}
	EndGlobalSection
	GlobalSection(ExtensibilityGlobals) = postSolution
		SolutionGuid = {A2B88844-BAD7-4340-BC95-B69B3448032B}
	EndGlobalSection
EndGlobal
