
Microsoft Visual Studio Solution File, Format Version 12.00
# Visual Studio 15
VisualStudioVersion = 15.0.28307.271
MinimumVisualStudioVersion = 10.0.40219.1
Project("{FAE04EC0-301F-11D3-BF4B-00C04F79EFBC}") = "TabuadaApp", "CalculadorApp\TabuadaApp.csproj", "{5F1A3B47-5FBB-4E17-BCC8-61AA425D9F00}"
EndProject
Project("{FAE04EC0-301F-11D3-BF4B-00C04F79EFBC}") = "CalculadoraApp", "..\Calculadora\CalculadoraApp.csproj", "{014EFAF7-8BDA-48DA-8D70-8F8C5CC28095}"
EndProject
Project("{9A19103F-16F7-4668-BE54-9A1E7A4F7556}") = "calculadoraPOO", "calculadoraPOO\calculadoraPOO.csproj", "{521F4E4E-6155-47E5-829F-435B2C081821}"
EndProject
Project("{9A19103F-16F7-4668-BE54-9A1E7A4F7556}") = "MaximoMin", "MaximoMin\MaximoMin.csproj", "{3F71176B-90A5-471F-89DC-E180B764F6A6}"
EndProject
Project("{9A19103F-16F7-4668-BE54-9A1E7A4F7556}") = "Validador_Character", "Validador_Character\Validador_Character.csproj", "{34E6B603-4BB9-4E5D-8286-D7AD6231DE10}"
EndProject
Project("{9A19103F-16F7-4668-BE54-9A1E7A4F7556}") = "ToString_Loja", "Loja\ToString_Loja.csproj", "{83C98E01-98DF-48C2-821C-F393F8DED599}"
EndProject
Project("{9A19103F-16F7-4668-BE54-9A1E7A4F7556}") = "ToString_Triangulo", "Triangulo\ToString_Triangulo.csproj", "{BB15F16D-640B-48AE-8D78-C2DA1537DEE5}"
EndProject
Project("{9A19103F-16F7-4668-BE54-9A1E7A4F7556}") = "ToString_Salario", "Salario\ToString_Salario.csproj", "{88116ED7-95F6-4451-9515-9FF22986631F}"
EndProject
Project("{FAE04EC0-301F-11D3-BF4B-00C04F79EFBC}") = "CircunferenciaDoRaio", "Circunferencia_Raio\CircunferenciaDoRaio.csproj", "{637B15E3-A8E0-4073-B063-18B1CAEC72F9}"
EndProject
Project("{FAE04EC0-301F-11D3-BF4B-00C04F79EFBC}") = "Static_Circunferencia", "Static_Circunferencia\Static_Circunferencia.csproj", "{01F54EB3-2426-4D38-91AF-C4FFEB9EFE0C}"
EndProject
Project("{FAE04EC0-301F-11D3-BF4B-00C04F79EFBC}") = "Static_Calculadora", "Calc_Static\Static_Calculadora.csproj", "{2E94133D-09E9-4CE9-8CCE-3291194808DF}"
EndProject
Project("{FAE04EC0-301F-11D3-BF4B-00C04F79EFBC}") = "Static_ConversaoMoeda", "ConversaoMoeda\Static_ConversaoMoeda.csproj", "{0BF310AA-05EE-433E-859D-89B063EA9D3C}"
EndProject
Project("{2150E333-8FDC-42A3-9474-1A3956D46DE8}") = "Membros estaticos", "Membros estaticos", "{2E8C1BAC-FA6F-4CE4-8A41-8C125E6AA6A4}"
EndProject
Project("{2150E333-8FDC-42A3-9474-1A3956D46DE8}") = "Membros ToString", "Membros ToString", "{7F5AC5E1-4AFC-447A-97DB-C00F8D6E43E5}"
EndProject
Project("{2150E333-8FDC-42A3-9474-1A3956D46DE8}") = "PooInicio", "PooInicio", "{E36FB50C-37BC-4F0A-BD11-FB8DE82B5123}"
EndProject
Project("{2150E333-8FDC-42A3-9474-1A3956D46DE8}") = "Estruturado", "Estruturado", "{4CA1C52C-6AD1-4DE3-9251-A255BE2F1FE1}"
EndProject
Global
	GlobalSection(SolutionConfigurationPlatforms) = preSolution
		Debug|Any CPU = Debug|Any CPU
		Release|Any CPU = Release|Any CPU
	EndGlobalSection
	GlobalSection(ProjectConfigurationPlatforms) = postSolution
		{5F1A3B47-5FBB-4E17-BCC8-61AA425D9F00}.Debug|Any CPU.ActiveCfg = Debug|Any CPU
		{5F1A3B47-5FBB-4E17-BCC8-61AA425D9F00}.Debug|Any CPU.Build.0 = Debug|Any CPU
		{5F1A3B47-5FBB-4E17-BCC8-61AA425D9F00}.Release|Any CPU.ActiveCfg = Release|Any CPU
		{5F1A3B47-5FBB-4E17-BCC8-61AA425D9F00}.Release|Any CPU.Build.0 = Release|Any CPU
		{014EFAF7-8BDA-48DA-8D70-8F8C5CC28095}.Debug|Any CPU.ActiveCfg = Debug|Any CPU
		{014EFAF7-8BDA-48DA-8D70-8F8C5CC28095}.Debug|Any CPU.Build.0 = Debug|Any CPU
		{014EFAF7-8BDA-48DA-8D70-8F8C5CC28095}.Release|Any CPU.ActiveCfg = Release|Any CPU
		{014EFAF7-8BDA-48DA-8D70-8F8C5CC28095}.Release|Any CPU.Build.0 = Release|Any CPU
		{521F4E4E-6155-47E5-829F-435B2C081821}.Debug|Any CPU.ActiveCfg = Debug|Any CPU
		{521F4E4E-6155-47E5-829F-435B2C081821}.Debug|Any CPU.Build.0 = Debug|Any CPU
		{521F4E4E-6155-47E5-829F-435B2C081821}.Release|Any CPU.ActiveCfg = Release|Any CPU
		{521F4E4E-6155-47E5-829F-435B2C081821}.Release|Any CPU.Build.0 = Release|Any CPU
		{3F71176B-90A5-471F-89DC-E180B764F6A6}.Debug|Any CPU.ActiveCfg = Debug|Any CPU
		{3F71176B-90A5-471F-89DC-E180B764F6A6}.Debug|Any CPU.Build.0 = Debug|Any CPU
		{3F71176B-90A5-471F-89DC-E180B764F6A6}.Release|Any CPU.ActiveCfg = Release|Any CPU
		{3F71176B-90A5-471F-89DC-E180B764F6A6}.Release|Any CPU.Build.0 = Release|Any CPU
		{34E6B603-4BB9-4E5D-8286-D7AD6231DE10}.Debug|Any CPU.ActiveCfg = Debug|Any CPU
		{34E6B603-4BB9-4E5D-8286-D7AD6231DE10}.Debug|Any CPU.Build.0 = Debug|Any CPU
		{34E6B603-4BB9-4E5D-8286-D7AD6231DE10}.Release|Any CPU.ActiveCfg = Release|Any CPU
		{34E6B603-4BB9-4E5D-8286-D7AD6231DE10}.Release|Any CPU.Build.0 = Release|Any CPU
		{83C98E01-98DF-48C2-821C-F393F8DED599}.Debug|Any CPU.ActiveCfg = Debug|Any CPU
		{83C98E01-98DF-48C2-821C-F393F8DED599}.Debug|Any CPU.Build.0 = Debug|Any CPU
		{83C98E01-98DF-48C2-821C-F393F8DED599}.Release|Any CPU.ActiveCfg = Release|Any CPU
		{83C98E01-98DF-48C2-821C-F393F8DED599}.Release|Any CPU.Build.0 = Release|Any CPU
		{BB15F16D-640B-48AE-8D78-C2DA1537DEE5}.Debug|Any CPU.ActiveCfg = Debug|Any CPU
		{BB15F16D-640B-48AE-8D78-C2DA1537DEE5}.Debug|Any CPU.Build.0 = Debug|Any CPU
		{BB15F16D-640B-48AE-8D78-C2DA1537DEE5}.Release|Any CPU.ActiveCfg = Release|Any CPU
		{BB15F16D-640B-48AE-8D78-C2DA1537DEE5}.Release|Any CPU.Build.0 = Release|Any CPU
		{88116ED7-95F6-4451-9515-9FF22986631F}.Debug|Any CPU.ActiveCfg = Debug|Any CPU
		{88116ED7-95F6-4451-9515-9FF22986631F}.Debug|Any CPU.Build.0 = Debug|Any CPU
		{88116ED7-95F6-4451-9515-9FF22986631F}.Release|Any CPU.ActiveCfg = Release|Any CPU
		{88116ED7-95F6-4451-9515-9FF22986631F}.Release|Any CPU.Build.0 = Release|Any CPU
		{637B15E3-A8E0-4073-B063-18B1CAEC72F9}.Debug|Any CPU.ActiveCfg = Debug|Any CPU
		{637B15E3-A8E0-4073-B063-18B1CAEC72F9}.Debug|Any CPU.Build.0 = Debug|Any CPU
		{637B15E3-A8E0-4073-B063-18B1CAEC72F9}.Release|Any CPU.ActiveCfg = Release|Any CPU
		{637B15E3-A8E0-4073-B063-18B1CAEC72F9}.Release|Any CPU.Build.0 = Release|Any CPU
		{01F54EB3-2426-4D38-91AF-C4FFEB9EFE0C}.Debug|Any CPU.ActiveCfg = Debug|Any CPU
		{01F54EB3-2426-4D38-91AF-C4FFEB9EFE0C}.Debug|Any CPU.Build.0 = Debug|Any CPU
		{01F54EB3-2426-4D38-91AF-C4FFEB9EFE0C}.Release|Any CPU.ActiveCfg = Release|Any CPU
		{01F54EB3-2426-4D38-91AF-C4FFEB9EFE0C}.Release|Any CPU.Build.0 = Release|Any CPU
		{2E94133D-09E9-4CE9-8CCE-3291194808DF}.Debug|Any CPU.ActiveCfg = Debug|Any CPU
		{2E94133D-09E9-4CE9-8CCE-3291194808DF}.Debug|Any CPU.Build.0 = Debug|Any CPU
		{2E94133D-09E9-4CE9-8CCE-3291194808DF}.Release|Any CPU.ActiveCfg = Release|Any CPU
		{2E94133D-09E9-4CE9-8CCE-3291194808DF}.Release|Any CPU.Build.0 = Release|Any CPU
		{0BF310AA-05EE-433E-859D-89B063EA9D3C}.Debug|Any CPU.ActiveCfg = Debug|Any CPU
		{0BF310AA-05EE-433E-859D-89B063EA9D3C}.Debug|Any CPU.Build.0 = Debug|Any CPU
		{0BF310AA-05EE-433E-859D-89B063EA9D3C}.Release|Any CPU.ActiveCfg = Release|Any CPU
		{0BF310AA-05EE-433E-859D-89B063EA9D3C}.Release|Any CPU.Build.0 = Release|Any CPU
	EndGlobalSection
	GlobalSection(SolutionProperties) = preSolution
		HideSolutionNode = FALSE
	EndGlobalSection
	GlobalSection(NestedProjects) = preSolution
		{5F1A3B47-5FBB-4E17-BCC8-61AA425D9F00} = {4CA1C52C-6AD1-4DE3-9251-A255BE2F1FE1}
		{014EFAF7-8BDA-48DA-8D70-8F8C5CC28095} = {4CA1C52C-6AD1-4DE3-9251-A255BE2F1FE1}
		{521F4E4E-6155-47E5-829F-435B2C081821} = {E36FB50C-37BC-4F0A-BD11-FB8DE82B5123}
		{3F71176B-90A5-471F-89DC-E180B764F6A6} = {4CA1C52C-6AD1-4DE3-9251-A255BE2F1FE1}
		{34E6B603-4BB9-4E5D-8286-D7AD6231DE10} = {4CA1C52C-6AD1-4DE3-9251-A255BE2F1FE1}
		{83C98E01-98DF-48C2-821C-F393F8DED599} = {7F5AC5E1-4AFC-447A-97DB-C00F8D6E43E5}
		{BB15F16D-640B-48AE-8D78-C2DA1537DEE5} = {7F5AC5E1-4AFC-447A-97DB-C00F8D6E43E5}
		{88116ED7-95F6-4451-9515-9FF22986631F} = {7F5AC5E1-4AFC-447A-97DB-C00F8D6E43E5}
		{637B15E3-A8E0-4073-B063-18B1CAEC72F9} = {7F5AC5E1-4AFC-447A-97DB-C00F8D6E43E5}
		{01F54EB3-2426-4D38-91AF-C4FFEB9EFE0C} = {2E8C1BAC-FA6F-4CE4-8A41-8C125E6AA6A4}
		{2E94133D-09E9-4CE9-8CCE-3291194808DF} = {2E8C1BAC-FA6F-4CE4-8A41-8C125E6AA6A4}
		{0BF310AA-05EE-433E-859D-89B063EA9D3C} = {2E8C1BAC-FA6F-4CE4-8A41-8C125E6AA6A4}
	EndGlobalSection
	GlobalSection(ExtensibilityGlobals) = postSolution
		SolutionGuid = {A2B88844-BAD7-4340-BC95-B69B3448032B}
	EndGlobalSection
EndGlobal
